PODS:
  - Cosmos (21.0.0)
  - ReachabilitySwift (5.0.0)
  - SDWebImage (4.4.8):
    - SDWebImage/Core (= 4.4.8)
  - SDWebImage/Core (4.4.8)
  - SwiftyJSON (5.0.0)

DEPENDENCIES:
  - Cosmos
  - ReachabilitySwift
  - SDWebImage (~> 4.0)
  - SwiftyJSON

SPEC REPOS:
  trunk:
    - Cosmos
    - ReachabilitySwift
    - SDWebImage
    - SwiftyJSON

SPEC CHECKSUMS:
  Cosmos: 3dfb6e4ba48bd48b8c9aa2a77048ae11ed114f96
  ReachabilitySwift: 985039c6f7b23a1da463388634119492ff86c825
  SDWebImage: 783af2c3fa36291a250030c4752ee370a9a51d13
  SwiftyJSON: 36413e04c44ee145039d332b4f4e2d3e8d6c4db7

PODFILE CHECKSUM: 42085d8c2088463e2cc0999747fc09ac8164cde5

COCOAPODS: 1.9.1
