PODS:
  - Cosmos (21.0.0)
  - ImageSlideshow (1.8.3):
    - ImageSlideshow/Core (= 1.8.3)
  - ImageSlideshow/Core (1.8.3)
  - OpalImagePicker (2.1.2)
  - ReachabilitySwift (5.0.0)
  - SDWebImage (4.4.8):
    - SDWebImage/Core (= 4.4.8)
  - SDWebImage/Core (4.4.8)
  - SkyFloatingLabelTextField (3.8.0)
  - StepIndicator (1.0.8)
  - TransitionButton (0.5.2)
  - UIColor_Hex_Swift (5.1.0)

DEPENDENCIES:
  - Cosmos
  - ImageSlideshow
  - OpalImagePicker
  - ReachabilitySwift
  - SDWebImage (~> 4.0)
  - SkyFloatingLabelTextField (~> 3.0)
  - StepIndicator (~> 1.0.8)
  - TransitionButton
  - UIColor_Hex_Swift

SPEC REPOS:
  trunk:
    - Cosmos
    - ImageSlideshow
    - OpalImagePicker
    - ReachabilitySwift
    - SDWebImage
    - SkyFloatingLabelTextField
    - StepIndicator
    - TransitionButton
    - UIColor_Hex_Swift

SPEC CHECKSUMS:
  Cosmos: 3dfb6e4ba48bd48b8c9aa2a77048ae11ed114f96
  ImageSlideshow: 4694d7d699a1549582e7cc631fb392d8f91630f3
  OpalImagePicker: 51cbf714f337a93c2631219f1a90389ba936077f
  ReachabilitySwift: 985039c6f7b23a1da463388634119492ff86c825
  SDWebImage: 783af2c3fa36291a250030c4752ee370a9a51d13
  SkyFloatingLabelTextField: 5a338412114808e961fe2d14ea2c5452c8b6e4aa
  StepIndicator: 748b293f671355b021253f82031ac002f153dc81
  TransitionButton: fb271583d9c9e4bb116b97103047e5157653f233
  UIColor_Hex_Swift: 8be7432edacb7fa91c78aa05ef3c30b66e4f9415

PODFILE CHECKSUM: 1809fb48268109f5cb381419075301367e9de1c3

COCOAPODS: 1.9.1
