// !$*UTF8*$!
{
	archiveVersion = 1;
	classes = {
	};
	objectVersion = 51;
	objects = {

/* Begin PBXBuildFile section */
		0F69C382A23AE66CCD5E2C01 /* Pods_Checkup.framework in Frameworks */ = {isa = PBXBuildFile; fileRef = 09FF798CDDF112788FABCBE4 /* Pods_Checkup.framework */; };
		4E22F8FD243E6E6C0090693C /* AppDelegate.swift in Sources */ = {isa = PBXBuildFile; fileRef = 4E22F8FC243E6E6C0090693C /* AppDelegate.swift */; };
		4E22F8FF243E6E6C0090693C /* SceneDelegate.swift in Sources */ = {isa = PBXBuildFile; fileRef = 4E22F8FE243E6E6C0090693C /* SceneDelegate.swift */; };
		4E22F904243E6E6C0090693C /* Main.storyboard in Resources */ = {isa = PBXBuildFile; fileRef = 4E22F902243E6E6C0090693C /* Main.storyboard */; };
		4E22F907243E6E6C0090693C /* Checkup.xcdatamodeld in Sources */ = {isa = PBXBuildFile; fileRef = 4E22F905243E6E6C0090693C /* Checkup.xcdatamodeld */; };
		4E22F909243E6E6D0090693C /* Assets.xcassets in Resources */ = {isa = PBXBuildFile; fileRef = 4E22F908243E6E6D0090693C /* Assets.xcassets */; };
		4E22F90C243E6E6D0090693C /* LaunchScreen.storyboard in Resources */ = {isa = PBXBuildFile; fileRef = 4E22F90A243E6E6D0090693C /* LaunchScreen.storyboard */; };
		4E22F917243E6E6D0090693C /* CheckupTests.swift in Sources */ = {isa = PBXBuildFile; fileRef = 4E22F916243E6E6D0090693C /* CheckupTests.swift */; };
		4E22F922243E6E6D0090693C /* CheckupUITests.swift in Sources */ = {isa = PBXBuildFile; fileRef = 4E22F921243E6E6D0090693C /* CheckupUITests.swift */; };
		4E22F936243E743C0090693C /* SignupViewController.swift in Sources */ = {isa = PBXBuildFile; fileRef = 4E22F935243E743C0090693C /* SignupViewController.swift */; };
		4EE5696E2453058200688B65 /* Login.storyboard in Resources */ = {isa = PBXBuildFile; fileRef = 4EE5696D2453058200688B65 /* Login.storyboard */; };
		4EE569732453070C00688B65 /* MainViewController.swift in Sources */ = {isa = PBXBuildFile; fileRef = 4EE569722453070C00688B65 /* MainViewController.swift */; };
		CC271B1D245A131A007CD1C2 /* test_request.storyboard in Resources */ = {isa = PBXBuildFile; fileRef = CC271B1C245A131A007CD1C2 /* test_request.storyboard */; };
		CC7092D92458C131003E8968 /* signUp.storyboard in Resources */ = {isa = PBXBuildFile; fileRef = CC7092D82458C131003E8968 /* signUp.storyboard */; };
		CC79E5AC2455B46A00C8A166 /* LoginTableViewController.swift in Sources */ = {isa = PBXBuildFile; fileRef = CC79E5AB2455B46A00C8A166 /* LoginTableViewController.swift */; };
		CC79E5B02455CE8300C8A166 /* SplashViewController.swift in Sources */ = {isa = PBXBuildFile; fileRef = CC79E5AF2455CE8300C8A166 /* SplashViewController.swift */; };
		CCCB1D5D24563FED00303C22 /* ImagePicker.swift in Sources */ = {isa = PBXBuildFile; fileRef = CCCB1D5C24563FED00303C22 /* ImagePicker.swift */; };
		CCCB1D5F245641E500303C22 /* SignUpTableViewController.swift in Sources */ = {isa = PBXBuildFile; fileRef = CCCB1D5E245641E500303C22 /* SignUpTableViewController.swift */; };
		CCE4D2B22457064600EB8ADC /* Profile.storyboard in Resources */ = {isa = PBXBuildFile; fileRef = CCE4D2B12457064600EB8ADC /* Profile.storyboard */; };
		CCE4D2B52457069100EB8ADC /* ProfileTableViewController.swift in Sources */ = {isa = PBXBuildFile; fileRef = CCE4D2B42457069100EB8ADC /* ProfileTableViewController.swift */; };
		CCE4D2BD24572E8E00EB8ADC /* PersonalDetailsTableViewController.swift in Sources */ = {isa = PBXBuildFile; fileRef = CCE4D2BC24572E8E00EB8ADC /* PersonalDetailsTableViewController.swift */; };
		CCE4D2BF24572EA600EB8ADC /* EditProfileTableViewController.swift in Sources */ = {isa = PBXBuildFile; fileRef = CCE4D2BE24572EA600EB8ADC /* EditProfileTableViewController.swift */; };
		CCE4D2C32457526100EB8ADC /* microscope.gif in Resources */ = {isa = PBXBuildFile; fileRef = CCE4D2C22457526000EB8ADC /* microscope.gif */; };
/* End PBXBuildFile section */

/* Begin PBXContainerItemProxy section */
		4E22F913243E6E6D0090693C /* PBXContainerItemProxy */ = {
			isa = PBXContainerItemProxy;
			containerPortal = 4E22F8F1243E6E6B0090693C /* Project object */;
			proxyType = 1;
			remoteGlobalIDString = 4E22F8F8243E6E6C0090693C;
			remoteInfo = Checkup;
		};
		4E22F91E243E6E6D0090693C /* PBXContainerItemProxy */ = {
			isa = PBXContainerItemProxy;
			containerPortal = 4E22F8F1243E6E6B0090693C /* Project object */;
			proxyType = 1;
			remoteGlobalIDString = 4E22F8F8243E6E6C0090693C;
			remoteInfo = Checkup;
		};
/* End PBXContainerItemProxy section */

/* Begin PBXFileReference section */
		09FF798CDDF112788FABCBE4 /* Pods_Checkup.framework */ = {isa = PBXFileReference; explicitFileType = wrapper.framework; includeInIndex = 0; path = Pods_Checkup.framework; sourceTree = BUILT_PRODUCTS_DIR; };
		4E22F8F9243E6E6C0090693C /* Checkup.app */ = {isa = PBXFileReference; explicitFileType = wrapper.application; includeInIndex = 0; path = Checkup.app; sourceTree = BUILT_PRODUCTS_DIR; };
		4E22F8FC243E6E6C0090693C /* AppDelegate.swift */ = {isa = PBXFileReference; lastKnownFileType = sourcecode.swift; path = AppDelegate.swift; sourceTree = "<group>"; };
		4E22F8FE243E6E6C0090693C /* SceneDelegate.swift */ = {isa = PBXFileReference; lastKnownFileType = sourcecode.swift; path = SceneDelegate.swift; sourceTree = "<group>"; };
		4E22F903243E6E6C0090693C /* Base */ = {isa = PBXFileReference; lastKnownFileType = file.storyboard; name = Base; path = Base.lproj/Main.storyboard; sourceTree = "<group>"; };
		4E22F906243E6E6C0090693C /* Checkup.xcdatamodel */ = {isa = PBXFileReference; lastKnownFileType = wrapper.xcdatamodel; path = Checkup.xcdatamodel; sourceTree = "<group>"; };
		4E22F908243E6E6D0090693C /* Assets.xcassets */ = {isa = PBXFileReference; lastKnownFileType = folder.assetcatalog; path = Assets.xcassets; sourceTree = "<group>"; };
		4E22F90B243E6E6D0090693C /* Base */ = {isa = PBXFileReference; lastKnownFileType = file.storyboard; name = Base; path = Base.lproj/LaunchScreen.storyboard; sourceTree = "<group>"; };
		4E22F90D243E6E6D0090693C /* Info.plist */ = {isa = PBXFileReference; lastKnownFileType = text.plist.xml; path = Info.plist; sourceTree = "<group>"; };
		4E22F912243E6E6D0090693C /* CheckupTests.xctest */ = {isa = PBXFileReference; explicitFileType = wrapper.cfbundle; includeInIndex = 0; path = CheckupTests.xctest; sourceTree = BUILT_PRODUCTS_DIR; };
		4E22F916243E6E6D0090693C /* CheckupTests.swift */ = {isa = PBXFileReference; lastKnownFileType = sourcecode.swift; path = CheckupTests.swift; sourceTree = "<group>"; };
		4E22F918243E6E6D0090693C /* Info.plist */ = {isa = PBXFileReference; lastKnownFileType = text.plist.xml; path = Info.plist; sourceTree = "<group>"; };
		4E22F91D243E6E6D0090693C /* CheckupUITests.xctest */ = {isa = PBXFileReference; explicitFileType = wrapper.cfbundle; includeInIndex = 0; path = CheckupUITests.xctest; sourceTree = BUILT_PRODUCTS_DIR; };
		4E22F921243E6E6D0090693C /* CheckupUITests.swift */ = {isa = PBXFileReference; lastKnownFileType = sourcecode.swift; path = CheckupUITests.swift; sourceTree = "<group>"; };
		4E22F923243E6E6D0090693C /* Info.plist */ = {isa = PBXFileReference; lastKnownFileType = text.plist.xml; path = Info.plist; sourceTree = "<group>"; };
		4E22F935243E743C0090693C /* SignupViewController.swift */ = {isa = PBXFileReference; lastKnownFileType = sourcecode.swift; path = SignupViewController.swift; sourceTree = "<group>"; };
		4EE5696D2453058200688B65 /* Login.storyboard */ = {isa = PBXFileReference; lastKnownFileType = file.storyboard; path = Login.storyboard; sourceTree = "<group>"; };
		4EE569722453070C00688B65 /* MainViewController.swift */ = {isa = PBXFileReference; lastKnownFileType = sourcecode.swift; path = MainViewController.swift; sourceTree = "<group>"; };
		CC271B1C245A131A007CD1C2 /* test_request.storyboard */ = {isa = PBXFileReference; lastKnownFileType = file.storyboard; path = test_request.storyboard; sourceTree = "<group>"; };
		CC7092D82458C131003E8968 /* signUp.storyboard */ = {isa = PBXFileReference; lastKnownFileType = file.storyboard; path = signUp.storyboard; sourceTree = "<group>"; };
		CC79E5AB2455B46A00C8A166 /* LoginTableViewController.swift */ = {isa = PBXFileReference; lastKnownFileType = sourcecode.swift; path = LoginTableViewController.swift; sourceTree = "<group>"; };
		CC79E5AF2455CE8300C8A166 /* SplashViewController.swift */ = {isa = PBXFileReference; lastKnownFileType = sourcecode.swift; path = SplashViewController.swift; sourceTree = "<group>"; };
		CCCB1D5C24563FED00303C22 /* ImagePicker.swift */ = {isa = PBXFileReference; lastKnownFileType = sourcecode.swift; path = ImagePicker.swift; sourceTree = "<group>"; };
		CCCB1D5E245641E500303C22 /* SignUpTableViewController.swift */ = {isa = PBXFileReference; lastKnownFileType = sourcecode.swift; path = SignUpTableViewController.swift; sourceTree = "<group>"; };
		CCE4D2B12457064600EB8ADC /* Profile.storyboard */ = {isa = PBXFileReference; lastKnownFileType = file.storyboard; path = Profile.storyboard; sourceTree = "<group>"; };
		CCE4D2B42457069100EB8ADC /* ProfileTableViewController.swift */ = {isa = PBXFileReference; lastKnownFileType = sourcecode.swift; path = ProfileTableViewController.swift; sourceTree = "<group>"; };
		CCE4D2BC24572E8E00EB8ADC /* PersonalDetailsTableViewController.swift */ = {isa = PBXFileReference; fileEncoding = 4; lastKnownFileType = sourcecode.swift; path = PersonalDetailsTableViewController.swift; sourceTree = "<group>"; };
		CCE4D2BE24572EA600EB8ADC /* EditProfileTableViewController.swift */ = {isa = PBXFileReference; lastKnownFileType = sourcecode.swift; path = EditProfileTableViewController.swift; sourceTree = "<group>"; };
		CCE4D2C22457526000EB8ADC /* microscope.gif */ = {isa = PBXFileReference; lastKnownFileType = image.gif; name = microscope.gif; path = "../../ui_garduation Project/microscope.gif"; sourceTree = "<group>"; };
		DBCCD7FDD5A7B2E6D89A74DD /* Pods-Checkup.release.xcconfig */ = {isa = PBXFileReference; includeInIndex = 1; lastKnownFileType = text.xcconfig; name = "Pods-Checkup.release.xcconfig"; path = "Target Support Files/Pods-Checkup/Pods-Checkup.release.xcconfig"; sourceTree = "<group>"; };
		DD8207D23F35EF388509225D /* Pods-Checkup.debug.xcconfig */ = {isa = PBXFileReference; includeInIndex = 1; lastKnownFileType = text.xcconfig; name = "Pods-Checkup.debug.xcconfig"; path = "Target Support Files/Pods-Checkup/Pods-Checkup.debug.xcconfig"; sourceTree = "<group>"; };
/* End PBXFileReference section */

/* Begin PBXFrameworksBuildPhase section */
		4E22F8F6243E6E6C0090693C /* Frameworks */ = {
			isa = PBXFrameworksBuildPhase;
			buildActionMask = 2147483647;
			files = (
				0F69C382A23AE66CCD5E2C01 /* Pods_Checkup.framework in Frameworks */,
			);
			runOnlyForDeploymentPostprocessing = 0;
		};
		4E22F90F243E6E6D0090693C /* Frameworks */ = {
			isa = PBXFrameworksBuildPhase;
			buildActionMask = 2147483647;
			files = (
			);
			runOnlyForDeploymentPostprocessing = 0;
		};
		4E22F91A243E6E6D0090693C /* Frameworks */ = {
			isa = PBXFrameworksBuildPhase;
			buildActionMask = 2147483647;
			files = (
			);
			runOnlyForDeploymentPostprocessing = 0;
		};
/* End PBXFrameworksBuildPhase section */

/* Begin PBXGroup section */
		4742970CC3632E7C0FF88AFA /* Frameworks */ = {
			isa = PBXGroup;
			children = (
				09FF798CDDF112788FABCBE4 /* Pods_Checkup.framework */,
			);
			name = Frameworks;
			sourceTree = "<group>";
		};
		4E22F8F0243E6E6B0090693C = {
			isa = PBXGroup;
			children = (
				4E22F8FB243E6E6C0090693C /* Checkup */,
				4E22F915243E6E6D0090693C /* CheckupTests */,
				4E22F920243E6E6D0090693C /* CheckupUITests */,
				4E22F8FA243E6E6C0090693C /* Products */,
				C125EE7BC541D58677539BDB /* Pods */,
				4742970CC3632E7C0FF88AFA /* Frameworks */,
			);
			sourceTree = "<group>";
		};
		4E22F8FA243E6E6C0090693C /* Products */ = {
			isa = PBXGroup;
			children = (
				4E22F8F9243E6E6C0090693C /* Checkup.app */,
				4E22F912243E6E6D0090693C /* CheckupTests.xctest */,
				4E22F91D243E6E6D0090693C /* CheckupUITests.xctest */,
			);
			name = Products;
			sourceTree = "<group>";
		};
		4E22F8FB243E6E6C0090693C /* Checkup */ = {
			isa = PBXGroup;
			children = (
				CCE4D2B32457066800EB8ADC /* ProfileView */,
				4E22F932243E73A90090693C /* ViewController */,
				CC79E5AA2455B43C00C8A166 /* LoginView */,
				4E22F92F243E6E780090693C /* StoryBoards */,
				4E22F8FC243E6E6C0090693C /* AppDelegate.swift */,
				4E22F8FE243E6E6C0090693C /* SceneDelegate.swift */,
				4E22F908243E6E6D0090693C /* Assets.xcassets */,
				CCE4D2C22457526000EB8ADC /* microscope.gif */,
				4E22F90D243E6E6D0090693C /* Info.plist */,
				4E22F905243E6E6C0090693C /* Checkup.xcdatamodeld */,
			);
			path = Checkup;
			sourceTree = "<group>";
		};
		4E22F915243E6E6D0090693C /* CheckupTests */ = {
			isa = PBXGroup;
			children = (
				4E22F916243E6E6D0090693C /* CheckupTests.swift */,
				4E22F918243E6E6D0090693C /* Info.plist */,
			);
			path = CheckupTests;
			sourceTree = "<group>";
		};
		4E22F920243E6E6D0090693C /* CheckupUITests */ = {
			isa = PBXGroup;
			children = (
				4E22F921243E6E6D0090693C /* CheckupUITests.swift */,
				4E22F923243E6E6D0090693C /* Info.plist */,
			);
			path = CheckupUITests;
			sourceTree = "<group>";
		};
		4E22F92F243E6E780090693C /* StoryBoards */ = {
			isa = PBXGroup;
			children = (
				4E22F902243E6E6C0090693C /* Main.storyboard */,
				4E22F90A243E6E6D0090693C /* LaunchScreen.storyboard */,
				4EE5696D2453058200688B65 /* Login.storyboard */,
				CCE4D2B12457064600EB8ADC /* Profile.storyboard */,
				CC7092D82458C131003E8968 /* signUp.storyboard */,
				CC271B1C245A131A007CD1C2 /* test_request.storyboard */,
			);
			path = StoryBoards;
			sourceTree = "<group>";
		};
		4E22F932243E73A90090693C /* ViewController */ = {
			isa = PBXGroup;
			children = (
				4EE56971245306F600688B65 /* Main */,
				4EE5696F2453069600688B65 /* SignupView */,
			);
			path = ViewController;
			sourceTree = "<group>";
		};
		4EE5696F2453069600688B65 /* SignupView */ = {
			isa = PBXGroup;
			children = (
				4E22F935243E743C0090693C /* SignupViewController.swift */,
				CCCB1D5C24563FED00303C22 /* ImagePicker.swift */,
				CCCB1D5E245641E500303C22 /* SignUpTableViewController.swift */,
			);
			path = SignupView;
			sourceTree = "<group>";
		};
		4EE56971245306F600688B65 /* Main */ = {
			isa = PBXGroup;
			children = (
				4EE569722453070C00688B65 /* MainViewController.swift */,
			);
			path = Main;
			sourceTree = "<group>";
		};
		C125EE7BC541D58677539BDB /* Pods */ = {
			isa = PBXGroup;
			children = (
				DD8207D23F35EF388509225D /* Pods-Checkup.debug.xcconfig */,
				DBCCD7FDD5A7B2E6D89A74DD /* Pods-Checkup.release.xcconfig */,
			);
			path = Pods;
			sourceTree = "<group>";
		};
		CC79E5AA2455B43C00C8A166 /* LoginView */ = {
			isa = PBXGroup;
			children = (
				CC79E5AB2455B46A00C8A166 /* LoginTableViewController.swift */,
				CC79E5AF2455CE8300C8A166 /* SplashViewController.swift */,
			);
			path = LoginView;
			sourceTree = "<group>";
		};
		CCE4D2B32457066800EB8ADC /* ProfileView */ = {
			isa = PBXGroup;
			children = (
				CCE4D2B42457069100EB8ADC /* ProfileTableViewController.swift */,
				CCE4D2BC24572E8E00EB8ADC /* PersonalDetailsTableViewController.swift */,
				CCE4D2BE24572EA600EB8ADC /* EditProfileTableViewController.swift */,
			);
			path = ProfileView;
			sourceTree = "<group>";
		};
/* End PBXGroup section */

/* Begin PBXNativeTarget section */
		4E22F8F8243E6E6C0090693C /* Checkup */ = {
			isa = PBXNativeTarget;
			buildConfigurationList = 4E22F926243E6E6D0090693C /* Build configuration list for PBXNativeTarget "Checkup" */;
			buildPhases = (
				47291DAE2FF2429E8A698E43 /* [CP] Check Pods Manifest.lock */,
				4E22F8F5243E6E6C0090693C /* Sources */,
				4E22F8F6243E6E6C0090693C /* Frameworks */,
				4E22F8F7243E6E6C0090693C /* Resources */,
				8AE194363E5A627100B10150 /* [CP] Embed Pods Frameworks */,
			);
			buildRules = (
			);
			dependencies = (
			);
			name = Checkup;
			productName = Checkup;
			productReference = 4E22F8F9243E6E6C0090693C /* Checkup.app */;
			productType = "com.apple.product-type.application";
		};
		4E22F911243E6E6D0090693C /* CheckupTests */ = {
			isa = PBXNativeTarget;
			buildConfigurationList = 4E22F929243E6E6D0090693C /* Build configuration list for PBXNativeTarget "CheckupTests" */;
			buildPhases = (
				4E22F90E243E6E6D0090693C /* Sources */,
				4E22F90F243E6E6D0090693C /* Frameworks */,
				4E22F910243E6E6D0090693C /* Resources */,
			);
			buildRules = (
			);
			dependencies = (
				4E22F914243E6E6D0090693C /* PBXTargetDependency */,
			);
			name = CheckupTests;
			productName = CheckupTests;
			productReference = 4E22F912243E6E6D0090693C /* CheckupTests.xctest */;
			productType = "com.apple.product-type.bundle.unit-test";
		};
		4E22F91C243E6E6D0090693C /* CheckupUITests */ = {
			isa = PBXNativeTarget;
			buildConfigurationList = 4E22F92C243E6E6D0090693C /* Build configuration list for PBXNativeTarget "CheckupUITests" */;
			buildPhases = (
				4E22F919243E6E6D0090693C /* Sources */,
				4E22F91A243E6E6D0090693C /* Frameworks */,
				4E22F91B243E6E6D0090693C /* Resources */,
			);
			buildRules = (
			);
			dependencies = (
				4E22F91F243E6E6D0090693C /* PBXTargetDependency */,
			);
			name = CheckupUITests;
			productName = CheckupUITests;
			productReference = 4E22F91D243E6E6D0090693C /* CheckupUITests.xctest */;
			productType = "com.apple.product-type.bundle.ui-testing";
		};
/* End PBXNativeTarget section */

/* Begin PBXProject section */
		4E22F8F1243E6E6B0090693C /* Project object */ = {
			isa = PBXProject;
			attributes = {
				LastSwiftUpdateCheck = 1120;
				LastUpgradeCheck = 1120;
				ORGANIZATIONNAME = "Hassan Khamis";
				TargetAttributes = {
					4E22F8F8243E6E6C0090693C = {
						CreatedOnToolsVersion = 11.2;
					};
					4E22F911243E6E6D0090693C = {
						CreatedOnToolsVersion = 11.2;
						TestTargetID = 4E22F8F8243E6E6C0090693C;
					};
					4E22F91C243E6E6D0090693C = {
						CreatedOnToolsVersion = 11.2;
						TestTargetID = 4E22F8F8243E6E6C0090693C;
					};
				};
			};
			buildConfigurationList = 4E22F8F4243E6E6B0090693C /* Build configuration list for PBXProject "Checkup" */;
			compatibilityVersion = "Xcode 9.3";
			developmentRegion = en;
			hasScannedForEncodings = 0;
			knownRegions = (
				en,
				Base,
			);
			mainGroup = 4E22F8F0243E6E6B0090693C;
			productRefGroup = 4E22F8FA243E6E6C0090693C /* Products */;
			projectDirPath = "";
			projectRoot = "";
			targets = (
				4E22F8F8243E6E6C0090693C /* Checkup */,
				4E22F911243E6E6D0090693C /* CheckupTests */,
				4E22F91C243E6E6D0090693C /* CheckupUITests */,
			);
		};
/* End PBXProject section */

/* Begin PBXResourcesBuildPhase section */
		4E22F8F7243E6E6C0090693C /* Resources */ = {
			isa = PBXResourcesBuildPhase;
			buildActionMask = 2147483647;
			files = (
				CCE4D2C32457526100EB8ADC /* microscope.gif in Resources */,
				4E22F90C243E6E6D0090693C /* LaunchScreen.storyboard in Resources */,
				4E22F909243E6E6D0090693C /* Assets.xcassets in Resources */,
				4EE5696E2453058200688B65 /* Login.storyboard in Resources */,
				CCE4D2B22457064600EB8ADC /* Profile.storyboard in Resources */,
				CC7092D92458C131003E8968 /* signUp.storyboard in Resources */,
				CC271B1D245A131A007CD1C2 /* test_request.storyboard in Resources */,
				4E22F904243E6E6C0090693C /* Main.storyboard in Resources */,
			);
			runOnlyForDeploymentPostprocessing = 0;
		};
		4E22F910243E6E6D0090693C /* Resources */ = {
			isa = PBXResourcesBuildPhase;
			buildActionMask = 2147483647;
			files = (
			);
			runOnlyForDeploymentPostprocessing = 0;
		};
		4E22F91B243E6E6D0090693C /* Resources */ = {
			isa = PBXResourcesBuildPhase;
			buildActionMask = 2147483647;
			files = (
			);
			runOnlyForDeploymentPostprocessing = 0;
		};
/* End PBXResourcesBuildPhase section */

/* Begin PBXShellScriptBuildPhase section */
		47291DAE2FF2429E8A698E43 /* [CP] Check Pods Manifest.lock */ = {
			isa = PBXShellScriptBuildPhase;
			buildActionMask = 2147483647;
			files = (
			);
			inputFileListPaths = (
			);
			inputPaths = (
				"${PODS_PODFILE_DIR_PATH}/Podfile.lock",
				"${PODS_ROOT}/Manifest.lock",
			);
			name = "[CP] Check Pods Manifest.lock";
			outputFileListPaths = (
			);
			outputPaths = (
				"$(DERIVED_FILE_DIR)/Pods-Checkup-checkManifestLockResult.txt",
			);
			runOnlyForDeploymentPostprocessing = 0;
			shellPath = /bin/sh;
			shellScript = "diff \"${PODS_PODFILE_DIR_PATH}/Podfile.lock\" \"${PODS_ROOT}/Manifest.lock\" > /dev/null\nif [ $? != 0 ] ; then\n    # print error to STDERR\n    echo \"error: The sandbox is not in sync with the Podfile.lock. Run 'pod install' or update your CocoaPods installation.\" >&2\n    exit 1\nfi\n# This output is used by Xcode 'outputs' to avoid re-running this script phase.\necho \"SUCCESS\" > \"${SCRIPT_OUTPUT_FILE_0}\"\n";
			showEnvVarsInLog = 0;
		};
		8AE194363E5A627100B10150 /* [CP] Embed Pods Frameworks */ = {
			isa = PBXShellScriptBuildPhase;
			buildActionMask = 2147483647;
			files = (
			);
			inputFileListPaths = (
				"${PODS_ROOT}/Target Support Files/Pods-Checkup/Pods-Checkup-frameworks-${CONFIGURATION}-input-files.xcfilelist",
			);
			name = "[CP] Embed Pods Frameworks";
			outputFileListPaths = (
				"${PODS_ROOT}/Target Support Files/Pods-Checkup/Pods-Checkup-frameworks-${CONFIGURATION}-output-files.xcfilelist",
			);
			runOnlyForDeploymentPostprocessing = 0;
			shellPath = /bin/sh;
			shellScript = "\"${PODS_ROOT}/Target Support Files/Pods-Checkup/Pods-Checkup-frameworks.sh\"\n";
			showEnvVarsInLog = 0;
		};
/* End PBXShellScriptBuildPhase section */

/* Begin PBXSourcesBuildPhase section */
		4E22F8F5243E6E6C0090693C /* Sources */ = {
			isa = PBXSourcesBuildPhase;
			buildActionMask = 2147483647;
			files = (
				4E22F8FD243E6E6C0090693C /* AppDelegate.swift in Sources */,
				4E22F8FF243E6E6C0090693C /* SceneDelegate.swift in Sources */,
				4E22F936243E743C0090693C /* SignupViewController.swift in Sources */,
				4EE569732453070C00688B65 /* MainViewController.swift in Sources */,
				4E22F907243E6E6C0090693C /* Checkup.xcdatamodeld in Sources */,
				CCE4D2BF24572EA600EB8ADC /* EditProfileTableViewController.swift in Sources */,
				CCCB1D5D24563FED00303C22 /* ImagePicker.swift in Sources */,
				CCE4D2BD24572E8E00EB8ADC /* PersonalDetailsTableViewController.swift in Sources */,
				CCE4D2B52457069100EB8ADC /* ProfileTableViewController.swift in Sources */,
				CC79E5B02455CE8300C8A166 /* SplashViewController.swift in Sources */,
				CCCB1D5F245641E500303C22 /* SignUpTableViewController.swift in Sources */,
				CC79E5AC2455B46A00C8A166 /* LoginTableViewController.swift in Sources */,
			);
			runOnlyForDeploymentPostprocessing = 0;
		};
		4E22F90E243E6E6D0090693C /* Sources */ = {
			isa = PBXSourcesBuildPhase;
			buildActionMask = 2147483647;
			files = (
				4E22F917243E6E6D0090693C /* CheckupTests.swift in Sources */,
			);
			runOnlyForDeploymentPostprocessing = 0;
		};
		4E22F919243E6E6D0090693C /* Sources */ = {
			isa = PBXSourcesBuildPhase;
			buildActionMask = 2147483647;
			files = (
				4E22F922243E6E6D0090693C /* CheckupUITests.swift in Sources */,
			);
			runOnlyForDeploymentPostprocessing = 0;
		};
/* End PBXSourcesBuildPhase section */

/* Begin PBXTargetDependency section */
		4E22F914243E6E6D0090693C /* PBXTargetDependency */ = {
			isa = PBXTargetDependency;
			target = 4E22F8F8243E6E6C0090693C /* Checkup */;
			targetProxy = 4E22F913243E6E6D0090693C /* PBXContainerItemProxy */;
		};
		4E22F91F243E6E6D0090693C /* PBXTargetDependency */ = {
			isa = PBXTargetDependency;
			target = 4E22F8F8243E6E6C0090693C /* Checkup */;
			targetProxy = 4E22F91E243E6E6D0090693C /* PBXContainerItemProxy */;
		};
/* End PBXTargetDependency section */

/* Begin PBXVariantGroup section */
		4E22F902243E6E6C0090693C /* Main.storyboard */ = {
			isa = PBXVariantGroup;
			children = (
				4E22F903243E6E6C0090693C /* Base */,
			);
			name = Main.storyboard;
			sourceTree = "<group>";
		};
		4E22F90A243E6E6D0090693C /* LaunchScreen.storyboard */ = {
			isa = PBXVariantGroup;
			children = (
				4E22F90B243E6E6D0090693C /* Base */,
			);
			name = LaunchScreen.storyboard;
			sourceTree = "<group>";
		};
/* End PBXVariantGroup section */

/* Begin XCBuildConfiguration section */
		4E22F924243E6E6D0090693C /* Debug */ = {
			isa = XCBuildConfiguration;
			buildSettings = {
				ALWAYS_SEARCH_USER_PATHS = NO;
				CLANG_ANALYZER_NONNULL = YES;
				CLANG_ANALYZER_NUMBER_OBJECT_CONVERSION = YES_AGGRESSIVE;
				CLANG_CXX_LANGUAGE_STANDARD = "gnu++14";
				CLANG_CXX_LIBRARY = "libc++";
				CLANG_ENABLE_MODULES = YES;
				CLANG_ENABLE_OBJC_ARC = YES;
				CLANG_ENABLE_OBJC_WEAK = YES;
				CLANG_WARN_BLOCK_CAPTURE_AUTORELEASING = YES;
				CLANG_WARN_BOOL_CONVERSION = YES;
				CLANG_WARN_COMMA = YES;
				CLANG_WARN_CONSTANT_CONVERSION = YES;
				CLANG_WARN_DEPRECATED_OBJC_IMPLEMENTATIONS = YES;
				CLANG_WARN_DIRECT_OBJC_ISA_USAGE = YES_ERROR;
				CLANG_WARN_DOCUMENTATION_COMMENTS = YES;
				CLANG_WARN_EMPTY_BODY = YES;
				CLANG_WARN_ENUM_CONVERSION = YES;
				CLANG_WARN_INFINITE_RECURSION = YES;
				CLANG_WARN_INT_CONVERSION = YES;
				CLANG_WARN_NON_LITERAL_NULL_CONVERSION = YES;
				CLANG_WARN_OBJC_IMPLICIT_RETAIN_SELF = YES;
				CLANG_WARN_OBJC_LITERAL_CONVERSION = YES;
				CLANG_WARN_OBJC_ROOT_CLASS = YES_ERROR;
				CLANG_WARN_RANGE_LOOP_ANALYSIS = YES;
				CLANG_WARN_STRICT_PROTOTYPES = YES;
				CLANG_WARN_SUSPICIOUS_MOVE = YES;
				CLANG_WARN_UNGUARDED_AVAILABILITY = YES_AGGRESSIVE;
				CLANG_WARN_UNREACHABLE_CODE = YES;
				CLANG_WARN__DUPLICATE_METHOD_MATCH = YES;
				COPY_PHASE_STRIP = NO;
				DEBUG_INFORMATION_FORMAT = dwarf;
				ENABLE_STRICT_OBJC_MSGSEND = YES;
				ENABLE_TESTABILITY = YES;
				GCC_C_LANGUAGE_STANDARD = gnu11;
				GCC_DYNAMIC_NO_PIC = NO;
				GCC_NO_COMMON_BLOCKS = YES;
				GCC_OPTIMIZATION_LEVEL = 0;
				GCC_PREPROCESSOR_DEFINITIONS = (
					"DEBUG=1",
					"$(inherited)",
				);
				GCC_WARN_64_TO_32_BIT_CONVERSION = YES;
				GCC_WARN_ABOUT_RETURN_TYPE = YES_ERROR;
				GCC_WARN_UNDECLARED_SELECTOR = YES;
				GCC_WARN_UNINITIALIZED_AUTOS = YES_AGGRESSIVE;
				GCC_WARN_UNUSED_FUNCTION = YES;
				GCC_WARN_UNUSED_VARIABLE = YES;
				IPHONEOS_DEPLOYMENT_TARGET = 13.2;
				MTL_ENABLE_DEBUG_INFO = INCLUDE_SOURCE;
				MTL_FAST_MATH = YES;
				ONLY_ACTIVE_ARCH = YES;
				SDKROOT = iphoneos;
				SWIFT_ACTIVE_COMPILATION_CONDITIONS = DEBUG;
				SWIFT_OPTIMIZATION_LEVEL = "-Onone";
			};
			name = Debug;
		};
		4E22F925243E6E6D0090693C /* Release */ = {
			isa = XCBuildConfiguration;
			buildSettings = {
				ALWAYS_SEARCH_USER_PATHS = NO;
				CLANG_ANALYZER_NONNULL = YES;
				CLANG_ANALYZER_NUMBER_OBJECT_CONVERSION = YES_AGGRESSIVE;
				CLANG_CXX_LANGUAGE_STANDARD = "gnu++14";
				CLANG_CXX_LIBRARY = "libc++";
				CLANG_ENABLE_MODULES = YES;
				CLANG_ENABLE_OBJC_ARC = YES;
				CLANG_ENABLE_OBJC_WEAK = YES;
				CLANG_WARN_BLOCK_CAPTURE_AUTORELEASING = YES;
				CLANG_WARN_BOOL_CONVERSION = YES;
				CLANG_WARN_COMMA = YES;
				CLANG_WARN_CONSTANT_CONVERSION = YES;
				CLANG_WARN_DEPRECATED_OBJC_IMPLEMENTATIONS = YES;
				CLANG_WARN_DIRECT_OBJC_ISA_USAGE = YES_ERROR;
				CLANG_WARN_DOCUMENTATION_COMMENTS = YES;
				CLANG_WARN_EMPTY_BODY = YES;
				CLANG_WARN_ENUM_CONVERSION = YES;
				CLANG_WARN_INFINITE_RECURSION = YES;
				CLANG_WARN_INT_CONVERSION = YES;
				CLANG_WARN_NON_LITERAL_NULL_CONVERSION = YES;
				CLANG_WARN_OBJC_IMPLICIT_RETAIN_SELF = YES;
				CLANG_WARN_OBJC_LITERAL_CONVERSION = YES;
				CLANG_WARN_OBJC_ROOT_CLASS = YES_ERROR;
				CLANG_WARN_RANGE_LOOP_ANALYSIS = YES;
				CLANG_WARN_STRICT_PROTOTYPES = YES;
				CLANG_WARN_SUSPICIOUS_MOVE = YES;
				CLANG_WARN_UNGUARDED_AVAILABILITY = YES_AGGRESSIVE;
				CLANG_WARN_UNREACHABLE_CODE = YES;
				CLANG_WARN__DUPLICATE_METHOD_MATCH = YES;
				COPY_PHASE_STRIP = NO;
				DEBUG_INFORMATION_FORMAT = "dwarf-with-dsym";
				ENABLE_NS_ASSERTIONS = NO;
				ENABLE_STRICT_OBJC_MSGSEND = YES;
				GCC_C_LANGUAGE_STANDARD = gnu11;
				GCC_NO_COMMON_BLOCKS = YES;
				GCC_WARN_64_TO_32_BIT_CONVERSION = YES;
				GCC_WARN_ABOUT_RETURN_TYPE = YES_ERROR;
				GCC_WARN_UNDECLARED_SELECTOR = YES;
				GCC_WARN_UNINITIALIZED_AUTOS = YES_AGGRESSIVE;
				GCC_WARN_UNUSED_FUNCTION = YES;
				GCC_WARN_UNUSED_VARIABLE = YES;
				IPHONEOS_DEPLOYMENT_TARGET = 13.2;
				MTL_ENABLE_DEBUG_INFO = NO;
				MTL_FAST_MATH = YES;
				SDKROOT = iphoneos;
				SWIFT_COMPILATION_MODE = wholemodule;
				SWIFT_OPTIMIZATION_LEVEL = "-O";
				VALIDATE_PRODUCT = YES;
			};
			name = Release;
		};
		4E22F927243E6E6D0090693C /* Debug */ = {
			isa = XCBuildConfiguration;
			baseConfigurationReference = DD8207D23F35EF388509225D /* Pods-Checkup.debug.xcconfig */;
			buildSettings = {
				ASSETCATALOG_COMPILER_APPICON_NAME = AppIcon;
				CODE_SIGN_STYLE = Automatic;
				DEVELOPMENT_TEAM = TRNKZ229R6;
				INFOPLIST_FILE = Checkup/Info.plist;
				IPHONEOS_DEPLOYMENT_TARGET = 12.4;
				LD_RUNPATH_SEARCH_PATHS = (
					"$(inherited)",
					"@executable_path/Frameworks",
				);
				PRODUCT_BUNDLE_IDENTIFIER = HK.Checkup;
				PRODUCT_NAME = "$(TARGET_NAME)";
				SWIFT_VERSION = 5.0;
				TARGETED_DEVICE_FAMILY = "1,2";
			};
			name = Debug;
		};
		4E22F928243E6E6D0090693C /* Release */ = {
			isa = XCBuildConfiguration;
			baseConfigurationReference = DBCCD7FDD5A7B2E6D89A74DD /* Pods-Checkup.release.xcconfig */;
			buildSettings = {
				ASSETCATALOG_COMPILER_APPICON_NAME = AppIcon;
				CODE_SIGN_STYLE = Automatic;
				DEVELOPMENT_TEAM = TRNKZ229R6;
				INFOPLIST_FILE = Checkup/Info.plist;
				IPHONEOS_DEPLOYMENT_TARGET = 12.4;
				LD_RUNPATH_SEARCH_PATHS = (
					"$(inherited)",
					"@executable_path/Frameworks",
				);
				PRODUCT_BUNDLE_IDENTIFIER = HK.Checkup;
				PRODUCT_NAME = "$(TARGET_NAME)";
				SWIFT_VERSION = 5.0;
				TARGETED_DEVICE_FAMILY = "1,2";
			};
			name = Release;
		};
		4E22F92A243E6E6D0090693C /* Debug */ = {
			isa = XCBuildConfiguration;
			buildSettings = {
				ALWAYS_EMBED_SWIFT_STANDARD_LIBRARIES = YES;
				BUNDLE_LOADER = "$(TEST_HOST)";
				CODE_SIGN_STYLE = Automatic;
				INFOPLIST_FILE = CheckupTests/Info.plist;
				IPHONEOS_DEPLOYMENT_TARGET = 13.2;
				LD_RUNPATH_SEARCH_PATHS = (
					"$(inherited)",
					"@executable_path/Frameworks",
					"@loader_path/Frameworks",
				);
				PRODUCT_BUNDLE_IDENTIFIER = HK.CheckupTests;
				PRODUCT_NAME = "$(TARGET_NAME)";
				SWIFT_VERSION = 5.0;
				TARGETED_DEVICE_FAMILY = "1,2";
				TEST_HOST = "$(BUILT_PRODUCTS_DIR)/Checkup.app/Checkup";
			};
			name = Debug;
		};
		4E22F92B243E6E6D0090693C /* Release */ = {
			isa = XCBuildConfiguration;
			buildSettings = {
				ALWAYS_EMBED_SWIFT_STANDARD_LIBRARIES = YES;
				BUNDLE_LOADER = "$(TEST_HOST)";
				CODE_SIGN_STYLE = Automatic;
				INFOPLIST_FILE = CheckupTests/Info.plist;
				IPHONEOS_DEPLOYMENT_TARGET = 13.2;
				LD_RUNPATH_SEARCH_PATHS = (
					"$(inherited)",
					"@executable_path/Frameworks",
					"@loader_path/Frameworks",
				);
				PRODUCT_BUNDLE_IDENTIFIER = HK.CheckupTests;
				PRODUCT_NAME = "$(TARGET_NAME)";
				SWIFT_VERSION = 5.0;
				TARGETED_DEVICE_FAMILY = "1,2";
				TEST_HOST = "$(BUILT_PRODUCTS_DIR)/Checkup.app/Checkup";
			};
			name = Release;
		};
		4E22F92D243E6E6D0090693C /* Debug */ = {
			isa = XCBuildConfiguration;
			buildSettings = {
				ALWAYS_EMBED_SWIFT_STANDARD_LIBRARIES = YES;
				CODE_SIGN_STYLE = Automatic;
				INFOPLIST_FILE = CheckupUITests/Info.plist;
				LD_RUNPATH_SEARCH_PATHS = (
					"$(inherited)",
					"@executable_path/Frameworks",
					"@loader_path/Frameworks",
				);
				PRODUCT_BUNDLE_IDENTIFIER = HK.CheckupUITests;
				PRODUCT_NAME = "$(TARGET_NAME)";
				SWIFT_VERSION = 5.0;
				TARGETED_DEVICE_FAMILY = "1,2";
				TEST_TARGET_NAME = Checkup;
			};
			name = Debug;
		};
		4E22F92E243E6E6D0090693C /* Release */ = {
			isa = XCBuildConfiguration;
			buildSettings = {
				ALWAYS_EMBED_SWIFT_STANDARD_LIBRARIES = YES;
				CODE_SIGN_STYLE = Automatic;
				INFOPLIST_FILE = CheckupUITests/Info.plist;
				LD_RUNPATH_SEARCH_PATHS = (
					"$(inherited)",
					"@executable_path/Frameworks",
					"@loader_path/Frameworks",
				);
				PRODUCT_BUNDLE_IDENTIFIER = HK.CheckupUITests;
				PRODUCT_NAME = "$(TARGET_NAME)";
				SWIFT_VERSION = 5.0;
				TARGETED_DEVICE_FAMILY = "1,2";
				TEST_TARGET_NAME = Checkup;
			};
			name = Release;
		};
/* End XCBuildConfiguration section */

/* Begin XCConfigurationList section */
		4E22F8F4243E6E6B0090693C /* Build configuration list for PBXProject "Checkup" */ = {
			isa = XCConfigurationList;
			buildConfigurations = (
				4E22F924243E6E6D0090693C /* Debug */,
				4E22F925243E6E6D0090693C /* Release */,
			);
			defaultConfigurationIsVisible = 0;
			defaultConfigurationName = Release;
		};
		4E22F926243E6E6D0090693C /* Build configuration list for PBXNativeTarget "Checkup" */ = {
			isa = XCConfigurationList;
			buildConfigurations = (
				4E22F927243E6E6D0090693C /* Debug */,
				4E22F928243E6E6D0090693C /* Release */,
			);
			defaultConfigurationIsVisible = 0;
			defaultConfigurationName = Release;
		};
		4E22F929243E6E6D0090693C /* Build configuration list for PBXNativeTarget "CheckupTests" */ = {
			isa = XCConfigurationList;
			buildConfigurations = (
				4E22F92A243E6E6D0090693C /* Debug */,
				4E22F92B243E6E6D0090693C /* Release */,
			);
			defaultConfigurationIsVisible = 0;
			defaultConfigurationName = Release;
		};
		4E22F92C243E6E6D0090693C /* Build configuration list for PBXNativeTarget "CheckupUITests" */ = {
			isa = XCConfigurationList;
			buildConfigurations = (
				4E22F92D243E6E6D0090693C /* Debug */,
				4E22F92E243E6E6D0090693C /* Release */,
			);
			defaultConfigurationIsVisible = 0;
			defaultConfigurationName = Release;
		};
/* End XCConfigurationList section */

/* Begin XCVersionGroup section */
		4E22F905243E6E6C0090693C /* Checkup.xcdatamodeld */ = {
			isa = XCVersionGroup;
			children = (
				4E22F906243E6E6C0090693C /* Checkup.xcdatamodel */,
			);
			currentVersion = 4E22F906243E6E6C0090693C /* Checkup.xcdatamodel */;
			path = Checkup.xcdatamodeld;
			sourceTree = "<group>";
			versionGroupType = wrapper.xcdatamodel;
		};
/* End XCVersionGroup section */
	};
	rootObject = 4E22F8F1243E6E6B0090693C /* Project object */;
}
