// !$*UTF8*$!
{
	archiveVersion = 1;
	classes = {
	};
	objectVersion = 51;
	objects = {

/* Begin PBXBuildFile section */
		0358339E246953FD008DD8C2 /* UIButtonExtension.swift in Sources */ = {isa = PBXBuildFile; fileRef = 0358339D246953FD008DD8C2 /* UIButtonExtension.swift */; };
		03F8346F2468990B000155A4 /* FilterTableViewController.swift in Sources */ = {isa = PBXBuildFile; fileRef = 03F8346E2468990B000155A4 /* FilterTableViewController.swift */; };
		03F834712468D8D9000155A4 /* RadioButton.swift in Sources */ = {isa = PBXBuildFile; fileRef = 03F834702468D8D9000155A4 /* RadioButton.swift */; };
		0F69C382A23AE66CCD5E2C01 /* Pods_Checkup.framework in Frameworks */ = {isa = PBXBuildFile; fileRef = 09FF798CDDF112788FABCBE4 /* Pods_Checkup.framework */; };
		4E0E3502246BA11B00814696 /* ConvertTimeStampToDate.swift in Sources */ = {isa = PBXBuildFile; fileRef = 4E0E3501246BA11B00814696 /* ConvertTimeStampToDate.swift */; };
		4E0E3505246BB88400814696 /* MessageNotificationLabel.swift in Sources */ = {isa = PBXBuildFile; fileRef = 4E0E3504246BB88400814696 /* MessageNotificationLabel.swift */; };
		4E22F8FD243E6E6C0090693C /* AppDelegate.swift in Sources */ = {isa = PBXBuildFile; fileRef = 4E22F8FC243E6E6C0090693C /* AppDelegate.swift */; };
		4E22F8FF243E6E6C0090693C /* SceneDelegate.swift in Sources */ = {isa = PBXBuildFile; fileRef = 4E22F8FE243E6E6C0090693C /* SceneDelegate.swift */; };
		4E22F904243E6E6C0090693C /* Main.storyboard in Resources */ = {isa = PBXBuildFile; fileRef = 4E22F902243E6E6C0090693C /* Main.storyboard */; };
		4E22F907243E6E6C0090693C /* Checkup.xcdatamodeld in Sources */ = {isa = PBXBuildFile; fileRef = 4E22F905243E6E6C0090693C /* Checkup.xcdatamodeld */; };
		4E22F909243E6E6D0090693C /* Assets.xcassets in Resources */ = {isa = PBXBuildFile; fileRef = 4E22F908243E6E6D0090693C /* Assets.xcassets */; };
		4E22F90C243E6E6D0090693C /* LaunchScreen.storyboard in Resources */ = {isa = PBXBuildFile; fileRef = 4E22F90A243E6E6D0090693C /* LaunchScreen.storyboard */; };
		4E22F917243E6E6D0090693C /* CheckupTests.swift in Sources */ = {isa = PBXBuildFile; fileRef = 4E22F916243E6E6D0090693C /* CheckupTests.swift */; };
		4E22F922243E6E6D0090693C /* CheckupUITests.swift in Sources */ = {isa = PBXBuildFile; fileRef = 4E22F921243E6E6D0090693C /* CheckupUITests.swift */; };
		4E22F936243E743C0090693C /* SignupViewController.swift in Sources */ = {isa = PBXBuildFile; fileRef = 4E22F935243E743C0090693C /* SignupViewController.swift */; };
		4E432F092464F6E100D1CACA /* History.storyboard in Resources */ = {isa = PBXBuildFile; fileRef = 4E432F082464F6E000D1CACA /* History.storyboard */; };
		4E432F132464F6EF00D1CACA /* HistoryTableViewCell.swift in Sources */ = {isa = PBXBuildFile; fileRef = 4E432F0C2464F6EF00D1CACA /* HistoryTableViewCell.swift */; };
		4E432F142464F6EF00D1CACA /* HistoryTableViewController.swift in Sources */ = {isa = PBXBuildFile; fileRef = 4E432F0D2464F6EF00D1CACA /* HistoryTableViewController.swift */; };
		4E432F152464F6EF00D1CACA /* pdf.pdf in Resources */ = {isa = PBXBuildFile; fileRef = 4E432F0E2464F6EF00D1CACA /* pdf.pdf */; };
		4E432F162464F6EF00D1CACA /* PdfResultViewController.swift in Sources */ = {isa = PBXBuildFile; fileRef = 4E432F0F2464F6EF00D1CACA /* PdfResultViewController.swift */; };
		4EAA2AD8246CABC70050B0AB /* GoogleService-Info.plist in Resources */ = {isa = PBXBuildFile; fileRef = 4EAA2AD7246CABC70050B0AB /* GoogleService-Info.plist */; };
		4EBBC93C246B47F200C7978D /* MainChatTableViewCell.swift in Sources */ = {isa = PBXBuildFile; fileRef = 4EBBC93A246B47F200C7978D /* MainChatTableViewCell.swift */; };
		4EBBC93D246B47F200C7978D /* MainChatTableViewCell.xib in Resources */ = {isa = PBXBuildFile; fileRef = 4EBBC93B246B47F200C7978D /* MainChatTableViewCell.xib */; };
		4EBBC940246B595000C7978D /* MainChatViewController.swift in Sources */ = {isa = PBXBuildFile; fileRef = 4EBBC93F246B595000C7978D /* MainChatViewController.swift */; };
		4EBBC943246B5ABF00C7978D /* PearedTableView.swift in Sources */ = {isa = PBXBuildFile; fileRef = 4EBBC942246B5ABF00C7978D /* PearedTableView.swift */; };
		4EBBC946246B5D3900C7978D /* PearedUserData.swift in Sources */ = {isa = PBXBuildFile; fileRef = 4EBBC945246B5D3900C7978D /* PearedUserData.swift */; };
		4EDADEC9246A1FF20069B0E5 /* RecievedImageTableViewCell.swift in Sources */ = {isa = PBXBuildFile; fileRef = 4EDADEC7246A1FF20069B0E5 /* RecievedImageTableViewCell.swift */; };
		4EDADECA246A1FF20069B0E5 /* RecievedImageTableViewCell.xib in Resources */ = {isa = PBXBuildFile; fileRef = 4EDADEC8246A1FF20069B0E5 /* RecievedImageTableViewCell.xib */; };
		4EE5696E2453058200688B65 /* Login.storyboard in Resources */ = {isa = PBXBuildFile; fileRef = 4EE5696D2453058200688B65 /* Login.storyboard */; };
		4EE569732453070C00688B65 /* MainViewController.swift in Sources */ = {isa = PBXBuildFile; fileRef = 4EE569722453070C00688B65 /* MainViewController.swift */; };
		4EE7EA2A246AD3B900BF434F /* SenderImageTableViewCell.swift in Sources */ = {isa = PBXBuildFile; fileRef = 4EE7EA28246AD3B900BF434F /* SenderImageTableViewCell.swift */; };
		4EE7EA2B246AD3B900BF434F /* SenderImageTableViewCell.xib in Resources */ = {isa = PBXBuildFile; fileRef = 4EE7EA29246AD3B900BF434F /* SenderImageTableViewCell.xib */; };
		4EE7EA2F246AF2B800BF434F /* DateTableViewCell.swift in Sources */ = {isa = PBXBuildFile; fileRef = 4EE7EA2D246AF2B800BF434F /* DateTableViewCell.swift */; };
		4EE7EA30246AF2B800BF434F /* DateTableViewCell.xib in Resources */ = {isa = PBXBuildFile; fileRef = 4EE7EA2E246AF2B800BF434F /* DateTableViewCell.xib */; };
		4EE7EA34246B023000BF434F /* KeyboardLayoutConstraint.swift in Sources */ = {isa = PBXBuildFile; fileRef = 4EE7EA33246B023000BF434F /* KeyboardLayoutConstraint.swift */; };
		4EE9F931246971E400BB4A39 /* Chat.storyboard in Resources */ = {isa = PBXBuildFile; fileRef = 4EE9F930246971E400BB4A39 /* Chat.storyboard */; };
		4EE9F93424697CF300BB4A39 /* MessagingChatViewController.swift in Sources */ = {isa = PBXBuildFile; fileRef = 4EE9F93324697CF300BB4A39 /* MessagingChatViewController.swift */; };
		4EE9F93B24699BC800BB4A39 /* MessagingTableView.swift in Sources */ = {isa = PBXBuildFile; fileRef = 4EE9F93A24699BC800BB4A39 /* MessagingTableView.swift */; };
		4EE9F94024699E3200BB4A39 /* SenderCellTableViewCell.swift in Sources */ = {isa = PBXBuildFile; fileRef = 4EE9F93E24699E3200BB4A39 /* SenderCellTableViewCell.swift */; };
		4EE9F94124699E3200BB4A39 /* SenderCellTableViewCell.xib in Resources */ = {isa = PBXBuildFile; fileRef = 4EE9F93F24699E3200BB4A39 /* SenderCellTableViewCell.xib */; };
		4EE9F9452469A47F00BB4A39 /* RecieverCellTableViewCell.swift in Sources */ = {isa = PBXBuildFile; fileRef = 4EE9F9432469A47F00BB4A39 /* RecieverCellTableViewCell.swift */; };
		4EE9F9462469A47F00BB4A39 /* RecieverCellTableViewCell.xib in Resources */ = {isa = PBXBuildFile; fileRef = 4EE9F9442469A47F00BB4A39 /* RecieverCellTableViewCell.xib */; };
		4EE9F9492469B70A00BB4A39 /* MessageLabel.swift in Sources */ = {isa = PBXBuildFile; fileRef = 4EE9F9482469B70A00BB4A39 /* MessageLabel.swift */; };
		CC064E2D245B02D60046E67F /* NewRequestScreen.storyboard in Resources */ = {isa = PBXBuildFile; fileRef = CC064E2C245B02D60046E67F /* NewRequestScreen.storyboard */; };
		CC064E30245B03360046E67F /* newRequestTableViewController.swift in Sources */ = {isa = PBXBuildFile; fileRef = CC064E2F245B03360046E67F /* newRequestTableViewController.swift */; };
		CC064E32245B05FA0046E67F /* SliderCell.swift in Sources */ = {isa = PBXBuildFile; fileRef = CC064E31245B05FA0046E67F /* SliderCell.swift */; };
		CC2A2D82245C4DAB00C311B7 /* SignupTableViewController.swift in Sources */ = {isa = PBXBuildFile; fileRef = CC2A2D81245C4DAB00C311B7 /* SignupTableViewController.swift */; };
		CC5DFD062468C01D003B9F18 /* RequstDetailsTableViewController.swift in Sources */ = {isa = PBXBuildFile; fileRef = CC5DFD052468C01D003B9F18 /* RequstDetailsTableViewController.swift */; };
		CC5DFD0C2468C22F003B9F18 /* PopUpTableViewController.swift in Sources */ = {isa = PBXBuildFile; fileRef = CC5DFD0B2468C22F003B9F18 /* PopUpTableViewController.swift */; };
		CC5DFD0E2468C242003B9F18 /* PopUpCollectionViewCell.swift in Sources */ = {isa = PBXBuildFile; fileRef = CC5DFD0D2468C242003B9F18 /* PopUpCollectionViewCell.swift */; };
		CC7092D92458C131003E8968 /* signUp.storyboard in Resources */ = {isa = PBXBuildFile; fileRef = CC7092D82458C131003E8968 /* signUp.storyboard */; };
		CC79E5AC2455B46A00C8A166 /* LoginTableViewController.swift in Sources */ = {isa = PBXBuildFile; fileRef = CC79E5AB2455B46A00C8A166 /* LoginTableViewController.swift */; };
		CC79E5B02455CE8300C8A166 /* SplashViewController.swift in Sources */ = {isa = PBXBuildFile; fileRef = CC79E5AF2455CE8300C8A166 /* SplashViewController.swift */; };
		CC8A1043245DC450007856BF /* TestNamingGroupViewController.swift in Sources */ = {isa = PBXBuildFile; fileRef = CC8A1042245DC450007856BF /* TestNamingGroupViewController.swift */; };
		CC8A1046245E087C007856BF /* fillCollectionView.swift in Sources */ = {isa = PBXBuildFile; fileRef = CC8A1045245E087C007856BF /* fillCollectionView.swift */; };
		CCABFAEF246B4B1900CF7518 /* DateStruct.swift in Sources */ = {isa = PBXBuildFile; fileRef = CCABFAEE246B4B1900CF7518 /* DateStruct.swift */; };
		CCCB1D5D24563FED00303C22 /* ImagePicker.swift in Sources */ = {isa = PBXBuildFile; fileRef = CCCB1D5C24563FED00303C22 /* ImagePicker.swift */; };
		CCCDA045246A94F5005549EA /* ReqLocationTableViewController.swift in Sources */ = {isa = PBXBuildFile; fileRef = CCCDA044246A94F5005549EA /* ReqLocationTableViewController.swift */; };
		CCCDA047246A95B5005549EA /* ReqPopUpLocationViewController.swift in Sources */ = {isa = PBXBuildFile; fileRef = CCCDA046246A95B5005549EA /* ReqPopUpLocationViewController.swift */; };
		CCCDA049246A95D9005549EA /* PopUpLocationViewController.swift in Sources */ = {isa = PBXBuildFile; fileRef = CCCDA048246A95D9005549EA /* PopUpLocationViewController.swift */; };
		CCCDA04B246ACA70005549EA /* Setting.storyboard in Resources */ = {isa = PBXBuildFile; fileRef = CCCDA04A246ACA70005549EA /* Setting.storyboard */; };
		CCCDA04E246AD130005549EA /* SettingTableViewController.swift in Sources */ = {isa = PBXBuildFile; fileRef = CCCDA04D246AD130005549EA /* SettingTableViewController.swift */; };
		CCCDA050246AE5D5005549EA /* PassWordDetailsTableViewController.swift in Sources */ = {isa = PBXBuildFile; fileRef = CCCDA04F246AE5D5005549EA /* PassWordDetailsTableViewController.swift */; };
		CCCDA052246AF81F005549EA /* RequestsTableViewController.swift in Sources */ = {isa = PBXBuildFile; fileRef = CCCDA051246AF81F005549EA /* RequestsTableViewController.swift */; };
		CCD0BAD7246A035C007CF3EE /* LocationTableViewController.swift in Sources */ = {isa = PBXBuildFile; fileRef = CCD0BAD6246A035C007CF3EE /* LocationTableViewController.swift */; };
		CCDEF4712462DCF500ECBBEB /* RequestTStatus.storyboard in Resources */ = {isa = PBXBuildFile; fileRef = CCDEF4702462DCF500ECBBEB /* RequestTStatus.storyboard */; };
		CCDEF4742462DE9200ECBBEB /* RequestStatusTableViewController.swift in Sources */ = {isa = PBXBuildFile; fileRef = CCDEF4732462DE9200ECBBEB /* RequestStatusTableViewController.swift */; };
		CCE4D2B22457064600EB8ADC /* Profile.storyboard in Resources */ = {isa = PBXBuildFile; fileRef = CCE4D2B12457064600EB8ADC /* Profile.storyboard */; };
		CCE4D2B52457069100EB8ADC /* ProfileTableViewController.swift in Sources */ = {isa = PBXBuildFile; fileRef = CCE4D2B42457069100EB8ADC /* ProfileTableViewController.swift */; };
		CCE4D2BF24572EA600EB8ADC /* EditProfileTableViewController.swift in Sources */ = {isa = PBXBuildFile; fileRef = CCE4D2BE24572EA600EB8ADC /* EditProfileTableViewController.swift */; };
/* End PBXBuildFile section */

/* Begin PBXContainerItemProxy section */
		4E22F913243E6E6D0090693C /* PBXContainerItemProxy */ = {
			isa = PBXContainerItemProxy;
			containerPortal = 4E22F8F1243E6E6B0090693C /* Project object */;
			proxyType = 1;
			remoteGlobalIDString = 4E22F8F8243E6E6C0090693C;
			remoteInfo = Checkup;
		};
		4E22F91E243E6E6D0090693C /* PBXContainerItemProxy */ = {
			isa = PBXContainerItemProxy;
			containerPortal = 4E22F8F1243E6E6B0090693C /* Project object */;
			proxyType = 1;
			remoteGlobalIDString = 4E22F8F8243E6E6C0090693C;
			remoteInfo = Checkup;
		};
/* End PBXContainerItemProxy section */

/* Begin PBXFileReference section */
		0358339D246953FD008DD8C2 /* UIButtonExtension.swift */ = {isa = PBXFileReference; lastKnownFileType = sourcecode.swift; path = UIButtonExtension.swift; sourceTree = "<group>"; };
		03F8346E2468990B000155A4 /* FilterTableViewController.swift */ = {isa = PBXFileReference; lastKnownFileType = sourcecode.swift; path = FilterTableViewController.swift; sourceTree = "<group>"; };
		03F834702468D8D9000155A4 /* RadioButton.swift */ = {isa = PBXFileReference; lastKnownFileType = sourcecode.swift; path = RadioButton.swift; sourceTree = "<group>"; };
		09FF798CDDF112788FABCBE4 /* Pods_Checkup.framework */ = {isa = PBXFileReference; explicitFileType = wrapper.framework; includeInIndex = 0; path = Pods_Checkup.framework; sourceTree = BUILT_PRODUCTS_DIR; };
		4E0E3501246BA11B00814696 /* ConvertTimeStampToDate.swift */ = {isa = PBXFileReference; lastKnownFileType = sourcecode.swift; path = ConvertTimeStampToDate.swift; sourceTree = "<group>"; };
		4E0E3504246BB88400814696 /* MessageNotificationLabel.swift */ = {isa = PBXFileReference; lastKnownFileType = sourcecode.swift; path = MessageNotificationLabel.swift; sourceTree = "<group>"; };
		4E22F8F9243E6E6C0090693C /* Checkup.app */ = {isa = PBXFileReference; explicitFileType = wrapper.application; includeInIndex = 0; path = Checkup.app; sourceTree = BUILT_PRODUCTS_DIR; };
		4E22F8FC243E6E6C0090693C /* AppDelegate.swift */ = {isa = PBXFileReference; lastKnownFileType = sourcecode.swift; path = AppDelegate.swift; sourceTree = "<group>"; };
		4E22F8FE243E6E6C0090693C /* SceneDelegate.swift */ = {isa = PBXFileReference; lastKnownFileType = sourcecode.swift; path = SceneDelegate.swift; sourceTree = "<group>"; };
		4E22F903243E6E6C0090693C /* Base */ = {isa = PBXFileReference; lastKnownFileType = file.storyboard; name = Base; path = Base.lproj/Main.storyboard; sourceTree = "<group>"; };
		4E22F906243E6E6C0090693C /* Checkup.xcdatamodel */ = {isa = PBXFileReference; lastKnownFileType = wrapper.xcdatamodel; path = Checkup.xcdatamodel; sourceTree = "<group>"; };
		4E22F908243E6E6D0090693C /* Assets.xcassets */ = {isa = PBXFileReference; lastKnownFileType = folder.assetcatalog; path = Assets.xcassets; sourceTree = "<group>"; };
		4E22F90B243E6E6D0090693C /* Base */ = {isa = PBXFileReference; lastKnownFileType = file.storyboard; name = Base; path = Base.lproj/LaunchScreen.storyboard; sourceTree = "<group>"; };
		4E22F90D243E6E6D0090693C /* Info.plist */ = {isa = PBXFileReference; lastKnownFileType = text.plist.xml; path = Info.plist; sourceTree = "<group>"; };
		4E22F912243E6E6D0090693C /* CheckupTests.xctest */ = {isa = PBXFileReference; explicitFileType = wrapper.cfbundle; includeInIndex = 0; path = CheckupTests.xctest; sourceTree = BUILT_PRODUCTS_DIR; };
		4E22F916243E6E6D0090693C /* CheckupTests.swift */ = {isa = PBXFileReference; lastKnownFileType = sourcecode.swift; path = CheckupTests.swift; sourceTree = "<group>"; };
		4E22F918243E6E6D0090693C /* Info.plist */ = {isa = PBXFileReference; lastKnownFileType = text.plist.xml; path = Info.plist; sourceTree = "<group>"; };
		4E22F91D243E6E6D0090693C /* CheckupUITests.xctest */ = {isa = PBXFileReference; explicitFileType = wrapper.cfbundle; includeInIndex = 0; path = CheckupUITests.xctest; sourceTree = BUILT_PRODUCTS_DIR; };
		4E22F921243E6E6D0090693C /* CheckupUITests.swift */ = {isa = PBXFileReference; lastKnownFileType = sourcecode.swift; path = CheckupUITests.swift; sourceTree = "<group>"; };
		4E22F923243E6E6D0090693C /* Info.plist */ = {isa = PBXFileReference; lastKnownFileType = text.plist.xml; path = Info.plist; sourceTree = "<group>"; };
		4E22F935243E743C0090693C /* SignupViewController.swift */ = {isa = PBXFileReference; lastKnownFileType = sourcecode.swift; path = SignupViewController.swift; sourceTree = "<group>"; };
		4E432F082464F6E000D1CACA /* History.storyboard */ = {isa = PBXFileReference; fileEncoding = 4; lastKnownFileType = file.storyboard; path = History.storyboard; sourceTree = "<group>"; };
		4E432F0C2464F6EF00D1CACA /* HistoryTableViewCell.swift */ = {isa = PBXFileReference; fileEncoding = 4; lastKnownFileType = sourcecode.swift; path = HistoryTableViewCell.swift; sourceTree = "<group>"; };
		4E432F0D2464F6EF00D1CACA /* HistoryTableViewController.swift */ = {isa = PBXFileReference; fileEncoding = 4; lastKnownFileType = sourcecode.swift; path = HistoryTableViewController.swift; sourceTree = "<group>"; };
		4E432F0E2464F6EF00D1CACA /* pdf.pdf */ = {isa = PBXFileReference; lastKnownFileType = image.pdf; path = pdf.pdf; sourceTree = "<group>"; };
		4E432F0F2464F6EF00D1CACA /* PdfResultViewController.swift */ = {isa = PBXFileReference; fileEncoding = 4; lastKnownFileType = sourcecode.swift; path = PdfResultViewController.swift; sourceTree = "<group>"; };
		4EAA2AD7246CABC70050B0AB /* GoogleService-Info.plist */ = {isa = PBXFileReference; fileEncoding = 4; lastKnownFileType = text.plist.xml; path = "GoogleService-Info.plist"; sourceTree = "<group>"; };
		4EBBC93A246B47F200C7978D /* MainChatTableViewCell.swift */ = {isa = PBXFileReference; lastKnownFileType = sourcecode.swift; path = MainChatTableViewCell.swift; sourceTree = "<group>"; };
		4EBBC93B246B47F200C7978D /* MainChatTableViewCell.xib */ = {isa = PBXFileReference; lastKnownFileType = file.xib; path = MainChatTableViewCell.xib; sourceTree = "<group>"; };
		4EBBC93F246B595000C7978D /* MainChatViewController.swift */ = {isa = PBXFileReference; lastKnownFileType = sourcecode.swift; path = MainChatViewController.swift; sourceTree = "<group>"; };
		4EBBC942246B5ABF00C7978D /* PearedTableView.swift */ = {isa = PBXFileReference; lastKnownFileType = sourcecode.swift; path = PearedTableView.swift; sourceTree = "<group>"; };
		4EBBC945246B5D3900C7978D /* PearedUserData.swift */ = {isa = PBXFileReference; lastKnownFileType = sourcecode.swift; path = PearedUserData.swift; sourceTree = "<group>"; };
		4EDADEC7246A1FF20069B0E5 /* RecievedImageTableViewCell.swift */ = {isa = PBXFileReference; lastKnownFileType = sourcecode.swift; path = RecievedImageTableViewCell.swift; sourceTree = "<group>"; };
		4EDADEC8246A1FF20069B0E5 /* RecievedImageTableViewCell.xib */ = {isa = PBXFileReference; lastKnownFileType = file.xib; path = RecievedImageTableViewCell.xib; sourceTree = "<group>"; };
		4EE5696D2453058200688B65 /* Login.storyboard */ = {isa = PBXFileReference; lastKnownFileType = file.storyboard; path = Login.storyboard; sourceTree = "<group>"; };
		4EE569722453070C00688B65 /* MainViewController.swift */ = {isa = PBXFileReference; lastKnownFileType = sourcecode.swift; path = MainViewController.swift; sourceTree = "<group>"; };
		4EE7EA28246AD3B900BF434F /* SenderImageTableViewCell.swift */ = {isa = PBXFileReference; lastKnownFileType = sourcecode.swift; path = SenderImageTableViewCell.swift; sourceTree = "<group>"; };
		4EE7EA29246AD3B900BF434F /* SenderImageTableViewCell.xib */ = {isa = PBXFileReference; lastKnownFileType = file.xib; path = SenderImageTableViewCell.xib; sourceTree = "<group>"; };
		4EE7EA2D246AF2B800BF434F /* DateTableViewCell.swift */ = {isa = PBXFileReference; lastKnownFileType = sourcecode.swift; path = DateTableViewCell.swift; sourceTree = "<group>"; };
		4EE7EA2E246AF2B800BF434F /* DateTableViewCell.xib */ = {isa = PBXFileReference; lastKnownFileType = file.xib; path = DateTableViewCell.xib; sourceTree = "<group>"; };
		4EE7EA33246B023000BF434F /* KeyboardLayoutConstraint.swift */ = {isa = PBXFileReference; lastKnownFileType = sourcecode.swift; path = KeyboardLayoutConstraint.swift; sourceTree = "<group>"; };
		4EE9F930246971E400BB4A39 /* Chat.storyboard */ = {isa = PBXFileReference; lastKnownFileType = file.storyboard; path = Chat.storyboard; sourceTree = "<group>"; };
		4EE9F93324697CF300BB4A39 /* MessagingChatViewController.swift */ = {isa = PBXFileReference; lastKnownFileType = sourcecode.swift; path = MessagingChatViewController.swift; sourceTree = "<group>"; };
		4EE9F93A24699BC800BB4A39 /* MessagingTableView.swift */ = {isa = PBXFileReference; lastKnownFileType = sourcecode.swift; path = MessagingTableView.swift; sourceTree = "<group>"; };
		4EE9F93E24699E3200BB4A39 /* SenderCellTableViewCell.swift */ = {isa = PBXFileReference; lastKnownFileType = sourcecode.swift; path = SenderCellTableViewCell.swift; sourceTree = "<group>"; };
		4EE9F93F24699E3200BB4A39 /* SenderCellTableViewCell.xib */ = {isa = PBXFileReference; lastKnownFileType = file.xib; path = SenderCellTableViewCell.xib; sourceTree = "<group>"; };
		4EE9F9432469A47F00BB4A39 /* RecieverCellTableViewCell.swift */ = {isa = PBXFileReference; lastKnownFileType = sourcecode.swift; path = RecieverCellTableViewCell.swift; sourceTree = "<group>"; };
		4EE9F9442469A47F00BB4A39 /* RecieverCellTableViewCell.xib */ = {isa = PBXFileReference; lastKnownFileType = file.xib; path = RecieverCellTableViewCell.xib; sourceTree = "<group>"; };
		4EE9F9482469B70A00BB4A39 /* MessageLabel.swift */ = {isa = PBXFileReference; lastKnownFileType = sourcecode.swift; path = MessageLabel.swift; sourceTree = "<group>"; };
		CC064E2C245B02D60046E67F /* NewRequestScreen.storyboard */ = {isa = PBXFileReference; lastKnownFileType = file.storyboard; path = NewRequestScreen.storyboard; sourceTree = "<group>"; };
		CC064E2F245B03360046E67F /* newRequestTableViewController.swift */ = {isa = PBXFileReference; lastKnownFileType = sourcecode.swift; path = newRequestTableViewController.swift; sourceTree = "<group>"; };
		CC064E31245B05FA0046E67F /* SliderCell.swift */ = {isa = PBXFileReference; lastKnownFileType = sourcecode.swift; path = SliderCell.swift; sourceTree = "<group>"; };
		CC2A2D81245C4DAB00C311B7 /* SignupTableViewController.swift */ = {isa = PBXFileReference; lastKnownFileType = sourcecode.swift; path = SignupTableViewController.swift; sourceTree = "<group>"; };
		CC5DFD052468C01D003B9F18 /* RequstDetailsTableViewController.swift */ = {isa = PBXFileReference; fileEncoding = 4; lastKnownFileType = sourcecode.swift; path = RequstDetailsTableViewController.swift; sourceTree = "<group>"; };
		CC5DFD0B2468C22F003B9F18 /* PopUpTableViewController.swift */ = {isa = PBXFileReference; fileEncoding = 4; lastKnownFileType = sourcecode.swift; path = PopUpTableViewController.swift; sourceTree = "<group>"; };
		CC5DFD0D2468C242003B9F18 /* PopUpCollectionViewCell.swift */ = {isa = PBXFileReference; fileEncoding = 4; lastKnownFileType = sourcecode.swift; path = PopUpCollectionViewCell.swift; sourceTree = "<group>"; };
		CC7092D82458C131003E8968 /* signUp.storyboard */ = {isa = PBXFileReference; lastKnownFileType = file.storyboard; path = signUp.storyboard; sourceTree = "<group>"; };
		CC79E5AB2455B46A00C8A166 /* LoginTableViewController.swift */ = {isa = PBXFileReference; lastKnownFileType = sourcecode.swift; path = LoginTableViewController.swift; sourceTree = "<group>"; };
		CC79E5AF2455CE8300C8A166 /* SplashViewController.swift */ = {isa = PBXFileReference; lastKnownFileType = sourcecode.swift; path = SplashViewController.swift; sourceTree = "<group>"; };
		CC8A1042245DC450007856BF /* TestNamingGroupViewController.swift */ = {isa = PBXFileReference; lastKnownFileType = sourcecode.swift; path = TestNamingGroupViewController.swift; sourceTree = "<group>"; };
		CC8A1045245E087C007856BF /* fillCollectionView.swift */ = {isa = PBXFileReference; lastKnownFileType = sourcecode.swift; path = fillCollectionView.swift; sourceTree = "<group>"; };
		CCABFAEE246B4B1900CF7518 /* DateStruct.swift */ = {isa = PBXFileReference; lastKnownFileType = sourcecode.swift; path = DateStruct.swift; sourceTree = "<group>"; };
		CCCB1D5C24563FED00303C22 /* ImagePicker.swift */ = {isa = PBXFileReference; lastKnownFileType = sourcecode.swift; path = ImagePicker.swift; sourceTree = "<group>"; };
		CCCDA044246A94F5005549EA /* ReqLocationTableViewController.swift */ = {isa = PBXFileReference; lastKnownFileType = sourcecode.swift; path = ReqLocationTableViewController.swift; sourceTree = "<group>"; };
		CCCDA046246A95B5005549EA /* ReqPopUpLocationViewController.swift */ = {isa = PBXFileReference; lastKnownFileType = sourcecode.swift; path = ReqPopUpLocationViewController.swift; sourceTree = "<group>"; };
		CCCDA048246A95D9005549EA /* PopUpLocationViewController.swift */ = {isa = PBXFileReference; lastKnownFileType = sourcecode.swift; path = PopUpLocationViewController.swift; sourceTree = "<group>"; };
		CCCDA04A246ACA70005549EA /* Setting.storyboard */ = {isa = PBXFileReference; lastKnownFileType = file.storyboard; path = Setting.storyboard; sourceTree = "<group>"; };
		CCCDA04D246AD130005549EA /* SettingTableViewController.swift */ = {isa = PBXFileReference; lastKnownFileType = sourcecode.swift; path = SettingTableViewController.swift; sourceTree = "<group>"; };
		CCCDA04F246AE5D5005549EA /* PassWordDetailsTableViewController.swift */ = {isa = PBXFileReference; lastKnownFileType = sourcecode.swift; path = PassWordDetailsTableViewController.swift; sourceTree = "<group>"; };
		CCCDA051246AF81F005549EA /* RequestsTableViewController.swift */ = {isa = PBXFileReference; lastKnownFileType = sourcecode.swift; path = RequestsTableViewController.swift; sourceTree = "<group>"; };
		CCD0BAD6246A035C007CF3EE /* LocationTableViewController.swift */ = {isa = PBXFileReference; lastKnownFileType = sourcecode.swift; path = LocationTableViewController.swift; sourceTree = "<group>"; };
		CCDEF4702462DCF500ECBBEB /* RequestTStatus.storyboard */ = {isa = PBXFileReference; lastKnownFileType = file.storyboard; path = RequestTStatus.storyboard; sourceTree = "<group>"; };
		CCDEF4732462DE9200ECBBEB /* RequestStatusTableViewController.swift */ = {isa = PBXFileReference; lastKnownFileType = sourcecode.swift; path = RequestStatusTableViewController.swift; sourceTree = "<group>"; };
		CCE4D2B12457064600EB8ADC /* Profile.storyboard */ = {isa = PBXFileReference; lastKnownFileType = file.storyboard; path = Profile.storyboard; sourceTree = "<group>"; };
		CCE4D2B42457069100EB8ADC /* ProfileTableViewController.swift */ = {isa = PBXFileReference; lastKnownFileType = sourcecode.swift; path = ProfileTableViewController.swift; sourceTree = "<group>"; };
		CCE4D2BE24572EA600EB8ADC /* EditProfileTableViewController.swift */ = {isa = PBXFileReference; lastKnownFileType = sourcecode.swift; path = EditProfileTableViewController.swift; sourceTree = "<group>"; };
		DBCCD7FDD5A7B2E6D89A74DD /* Pods-Checkup.release.xcconfig */ = {isa = PBXFileReference; includeInIndex = 1; lastKnownFileType = text.xcconfig; name = "Pods-Checkup.release.xcconfig"; path = "Target Support Files/Pods-Checkup/Pods-Checkup.release.xcconfig"; sourceTree = "<group>"; };
		DD8207D23F35EF388509225D /* Pods-Checkup.debug.xcconfig */ = {isa = PBXFileReference; includeInIndex = 1; lastKnownFileType = text.xcconfig; name = "Pods-Checkup.debug.xcconfig"; path = "Target Support Files/Pods-Checkup/Pods-Checkup.debug.xcconfig"; sourceTree = "<group>"; };
/* End PBXFileReference section */

/* Begin PBXFrameworksBuildPhase section */
		4E22F8F6243E6E6C0090693C /* Frameworks */ = {
			isa = PBXFrameworksBuildPhase;
			buildActionMask = 2147483647;
			files = (
				0F69C382A23AE66CCD5E2C01 /* Pods_Checkup.framework in Frameworks */,
			);
			runOnlyForDeploymentPostprocessing = 0;
		};
		4E22F90F243E6E6D0090693C /* Frameworks */ = {
			isa = PBXFrameworksBuildPhase;
			buildActionMask = 2147483647;
			files = (
			);
			runOnlyForDeploymentPostprocessing = 0;
		};
		4E22F91A243E6E6D0090693C /* Frameworks */ = {
			isa = PBXFrameworksBuildPhase;
			buildActionMask = 2147483647;
			files = (
			);
			runOnlyForDeploymentPostprocessing = 0;
		};
/* End PBXFrameworksBuildPhase section */

/* Begin PBXGroup section */
		4742970CC3632E7C0FF88AFA /* Frameworks */ = {
			isa = PBXGroup;
			children = (
				09FF798CDDF112788FABCBE4 /* Pods_Checkup.framework */,
			);
			name = Frameworks;
			sourceTree = "<group>";
		};
		4E0E34FF246BA0DA00814696 /* Date */ = {
			isa = PBXGroup;
			children = (
				4E0E3500246BA0EC00814696 /* ConvertTimeStampToDate */,
			);
			path = Date;
			sourceTree = "<group>";
		};
		4E0E3500246BA0EC00814696 /* ConvertTimeStampToDate */ = {
			isa = PBXGroup;
			children = (
				4E0E3501246BA11B00814696 /* ConvertTimeStampToDate.swift */,
			);
			path = ConvertTimeStampToDate;
			sourceTree = "<group>";
		};
		4E0E3503246BB84500814696 /* MessageNotificationLabel */ = {
			isa = PBXGroup;
			children = (
				4E0E3504246BB88400814696 /* MessageNotificationLabel.swift */,
			);
			path = MessageNotificationLabel;
			sourceTree = "<group>";
		};
		4E22F8F0243E6E6B0090693C = {
			isa = PBXGroup;
			children = (
				4E22F8FB243E6E6C0090693C /* Checkup */,
				4E22F915243E6E6D0090693C /* CheckupTests */,
				4E22F920243E6E6D0090693C /* CheckupUITests */,
				4E22F8FA243E6E6C0090693C /* Products */,
				C125EE7BC541D58677539BDB /* Pods */,
				4742970CC3632E7C0FF88AFA /* Frameworks */,
			);
			sourceTree = "<group>";
		};
		4E22F8FA243E6E6C0090693C /* Products */ = {
			isa = PBXGroup;
			children = (
				4E22F8F9243E6E6C0090693C /* Checkup.app */,
				4E22F912243E6E6D0090693C /* CheckupTests.xctest */,
				4E22F91D243E6E6D0090693C /* CheckupUITests.xctest */,
			);
			name = Products;
			sourceTree = "<group>";
		};
		4E22F8FB243E6E6C0090693C /* Checkup */ = {
			isa = PBXGroup;
			children = (
				4EAA2AD7246CABC70050B0AB /* GoogleService-Info.plist */,
				CCABFAED246B4AFA00CF7518 /* Date */,
				4EBBC944246B5C9500C7978D /* POJOs */,
				4EE7EA31246B01EC00BF434F /* Keyboard */,
				4EE9F93724699B7700BB4A39 /* Extensions */,
				CC8A1044245E0844007856BF /* Contract */,
				4E22F932243E73A90090693C /* ViewController */,
				4E22F92F243E6E780090693C /* StoryBoards */,
				4E22F8FC243E6E6C0090693C /* AppDelegate.swift */,
				4E22F8FE243E6E6C0090693C /* SceneDelegate.swift */,
				4E22F908243E6E6D0090693C /* Assets.xcassets */,
				4E22F90D243E6E6D0090693C /* Info.plist */,
				4E22F905243E6E6C0090693C /* Checkup.xcdatamodeld */,
			);
			path = Checkup;
			sourceTree = "<group>";
		};
		4E22F915243E6E6D0090693C /* CheckupTests */ = {
			isa = PBXGroup;
			children = (
				4E22F916243E6E6D0090693C /* CheckupTests.swift */,
				4E22F918243E6E6D0090693C /* Info.plist */,
			);
			path = CheckupTests;
			sourceTree = "<group>";
		};
		4E22F920243E6E6D0090693C /* CheckupUITests */ = {
			isa = PBXGroup;
			children = (
				4E22F921243E6E6D0090693C /* CheckupUITests.swift */,
				4E22F923243E6E6D0090693C /* Info.plist */,
			);
			path = CheckupUITests;
			sourceTree = "<group>";
		};
		4E22F92F243E6E780090693C /* StoryBoards */ = {
			isa = PBXGroup;
			children = (
				4E432F082464F6E000D1CACA /* History.storyboard */,
				4E22F902243E6E6C0090693C /* Main.storyboard */,
				4E22F90A243E6E6D0090693C /* LaunchScreen.storyboard */,
				4EE5696D2453058200688B65 /* Login.storyboard */,
				CCE4D2B12457064600EB8ADC /* Profile.storyboard */,
				CC7092D82458C131003E8968 /* signUp.storyboard */,
				CC064E2C245B02D60046E67F /* NewRequestScreen.storyboard */,
				CCDEF4702462DCF500ECBBEB /* RequestTStatus.storyboard */,
				4EE9F930246971E400BB4A39 /* Chat.storyboard */,
				CCCDA04A246ACA70005549EA /* Setting.storyboard */,
			);
			path = StoryBoards;
			sourceTree = "<group>";
		};
		4E22F932243E73A90090693C /* ViewController */ = {
			isa = PBXGroup;
			children = (
				4EE9F93224697C7200BB4A39 /* Chat */,
				4E432F0A2464F6EF00D1CACA /* History */,
				4EE56971245306F600688B65 /* Main */,
				4EE5696F2453069600688B65 /* SignupView */,
				CC79E5AA2455B43C00C8A166 /* LoginView */,
				CCE4D2B32457066800EB8ADC /* ProfileView */,
				CC064E2E245B03080046E67F /* NewRequestView */,
				CCDEF4722462DE6C00ECBBEB /* Request Status */,
				CCCDA04C246AD107005549EA /* SettingView */,
			);
			path = ViewController;
			sourceTree = "<group>";
		};
		4E432F0A2464F6EF00D1CACA /* History */ = {
			isa = PBXGroup;
			children = (
				4E432F0C2464F6EF00D1CACA /* HistoryTableViewCell.swift */,
				4E432F0D2464F6EF00D1CACA /* HistoryTableViewController.swift */,
				4E432F0E2464F6EF00D1CACA /* pdf.pdf */,
				4E432F0F2464F6EF00D1CACA /* PdfResultViewController.swift */,
				03F8346E2468990B000155A4 /* FilterTableViewController.swift */,
				03F834702468D8D9000155A4 /* RadioButton.swift */,
				0358339D246953FD008DD8C2 /* UIButtonExtension.swift */,
			);
			path = History;
			sourceTree = "<group>";
		};
		4EBBC939246B476F00C7978D /* MainChatCell */ = {
			isa = PBXGroup;
			children = (
				4E0E3503246BB84500814696 /* MessageNotificationLabel */,
				4EBBC93E246B593200C7978D /* Cell */,
				4EBBC93F246B595000C7978D /* MainChatViewController.swift */,
			);
			path = MainChatCell;
			sourceTree = "<group>";
		};
		4EBBC93E246B593200C7978D /* Cell */ = {
			isa = PBXGroup;
			children = (
				4EBBC93A246B47F200C7978D /* MainChatTableViewCell.swift */,
				4EBBC93B246B47F200C7978D /* MainChatTableViewCell.xib */,
			);
			path = Cell;
			sourceTree = "<group>";
		};
		4EBBC941246B5A4800C7978D /* MainChat */ = {
			isa = PBXGroup;
			children = (
				4EBBC942246B5ABF00C7978D /* PearedTableView.swift */,
			);
			path = MainChat;
			sourceTree = "<group>";
		};
		4EBBC944246B5C9500C7978D /* POJOs */ = {
			isa = PBXGroup;
			children = (
				4EBBC947246B5D3F00C7978D /* Chat */,
			);
			path = POJOs;
			sourceTree = "<group>";
		};
		4EBBC947246B5D3F00C7978D /* Chat */ = {
			isa = PBXGroup;
			children = (
				4EBBC945246B5D3900C7978D /* PearedUserData.swift */,
			);
			path = Chat;
			sourceTree = "<group>";
		};
		4EDADEC5246A1F410069B0E5 /* Image */ = {
			isa = PBXGroup;
			children = (
				4EDADEC7246A1FF20069B0E5 /* RecievedImageTableViewCell.swift */,
				4EDADEC8246A1FF20069B0E5 /* RecievedImageTableViewCell.xib */,
			);
			path = Image;
			sourceTree = "<group>";
		};
		4EDADEC6246A1F4B0069B0E5 /* NormalText */ = {
			isa = PBXGroup;
			children = (
				4EE9F9432469A47F00BB4A39 /* RecieverCellTableViewCell.swift */,
				4EE9F9442469A47F00BB4A39 /* RecieverCellTableViewCell.xib */,
			);
			path = NormalText;
			sourceTree = "<group>";
		};
		4EE5696F2453069600688B65 /* SignupView */ = {
			isa = PBXGroup;
			children = (
				4E22F935243E743C0090693C /* SignupViewController.swift */,
				CCCB1D5C24563FED00303C22 /* ImagePicker.swift */,
				CC2A2D81245C4DAB00C311B7 /* SignupTableViewController.swift */,
			);
			path = SignupView;
			sourceTree = "<group>";
		};
		4EE56971245306F600688B65 /* Main */ = {
			isa = PBXGroup;
			children = (
				4EE569722453070C00688B65 /* MainViewController.swift */,
			);
			path = Main;
			sourceTree = "<group>";
		};
		4EE7EA26246AD36500BF434F /* NormalText */ = {
			isa = PBXGroup;
			children = (
				4EE9F93E24699E3200BB4A39 /* SenderCellTableViewCell.swift */,
				4EE9F93F24699E3200BB4A39 /* SenderCellTableViewCell.xib */,
			);
			path = NormalText;
			sourceTree = "<group>";
		};
		4EE7EA27246AD37800BF434F /* Image */ = {
			isa = PBXGroup;
			children = (
				4EE7EA28246AD3B900BF434F /* SenderImageTableViewCell.swift */,
				4EE7EA29246AD3B900BF434F /* SenderImageTableViewCell.xib */,
			);
			path = Image;
			sourceTree = "<group>";
		};
		4EE7EA2C246AF26900BF434F /* DateCell */ = {
			isa = PBXGroup;
			children = (
				4EE7EA2D246AF2B800BF434F /* DateTableViewCell.swift */,
				4EE7EA2E246AF2B800BF434F /* DateTableViewCell.xib */,
			);
			path = DateCell;
			sourceTree = "<group>";
		};
		4EE7EA31246B01EC00BF434F /* Keyboard */ = {
			isa = PBXGroup;
			children = (
				4EE7EA33246B023000BF434F /* KeyboardLayoutConstraint.swift */,
			);
			path = Keyboard;
			sourceTree = "<group>";
		};
		4EE9F93224697C7200BB4A39 /* Chat */ = {
			isa = PBXGroup;
			children = (
				4EBBC939246B476F00C7978D /* MainChatCell */,
				4EE9F93C24699DF800BB4A39 /* MessagingChatCells */,
			);
			path = Chat;
			sourceTree = "<group>";
		};
		4EE9F93724699B7700BB4A39 /* Extensions */ = {
			isa = PBXGroup;
			children = (
				4E0E34FF246BA0DA00814696 /* Date */,
				4EE9F93824699B8500BB4A39 /* Chat */,
			);
			path = Extensions;
			sourceTree = "<group>";
		};
		4EE9F93824699B8500BB4A39 /* Chat */ = {
			isa = PBXGroup;
			children = (
				4EBBC941246B5A4800C7978D /* MainChat */,
				4EE9F93924699B9900BB4A39 /* MessagingChat */,
			);
			path = Chat;
			sourceTree = "<group>";
		};
		4EE9F93924699B9900BB4A39 /* MessagingChat */ = {
			isa = PBXGroup;
			children = (
				4EE9F93A24699BC800BB4A39 /* MessagingTableView.swift */,
			);
			path = MessagingChat;
			sourceTree = "<group>";
		};
		4EE9F93C24699DF800BB4A39 /* MessagingChatCells */ = {
			isa = PBXGroup;
			children = (
				4EE9F93324697CF300BB4A39 /* MessagingChatViewController.swift */,
				4EE7EA2C246AF26900BF434F /* DateCell */,
				4EE9F9472469B6CA00BB4A39 /* MessageLabel */,
				4EE9F9422469A45400BB4A39 /* RecieverCell */,
				4EE9F93D24699E0800BB4A39 /* SenderCell */,
			);
			path = MessagingChatCells;
			sourceTree = "<group>";
		};
		4EE9F93D24699E0800BB4A39 /* SenderCell */ = {
			isa = PBXGroup;
			children = (
				4EE7EA27246AD37800BF434F /* Image */,
				4EE7EA26246AD36500BF434F /* NormalText */,
			);
			path = SenderCell;
			sourceTree = "<group>";
		};
		4EE9F9422469A45400BB4A39 /* RecieverCell */ = {
			isa = PBXGroup;
			children = (
				4EDADEC6246A1F4B0069B0E5 /* NormalText */,
				4EDADEC5246A1F410069B0E5 /* Image */,
			);
			path = RecieverCell;
			sourceTree = "<group>";
		};
		4EE9F9472469B6CA00BB4A39 /* MessageLabel */ = {
			isa = PBXGroup;
			children = (
				4EE9F9482469B70A00BB4A39 /* MessageLabel.swift */,
			);
			path = MessageLabel;
			sourceTree = "<group>";
		};
		C125EE7BC541D58677539BDB /* Pods */ = {
			isa = PBXGroup;
			children = (
				DD8207D23F35EF388509225D /* Pods-Checkup.debug.xcconfig */,
				DBCCD7FDD5A7B2E6D89A74DD /* Pods-Checkup.release.xcconfig */,
			);
			path = Pods;
			sourceTree = "<group>";
		};
		CC064E2E245B03080046E67F /* NewRequestView */ = {
			isa = PBXGroup;
			children = (
				CC064E2F245B03360046E67F /* newRequestTableViewController.swift */,
				CC064E31245B05FA0046E67F /* SliderCell.swift */,
				CC8A1042245DC450007856BF /* TestNamingGroupViewController.swift */,
				CCCDA044246A94F5005549EA /* ReqLocationTableViewController.swift */,
				CCCDA046246A95B5005549EA /* ReqPopUpLocationViewController.swift */,
			);
			path = NewRequestView;
			sourceTree = "<group>";
		};
		CC79E5AA2455B43C00C8A166 /* LoginView */ = {
			isa = PBXGroup;
			children = (
				CC79E5AB2455B46A00C8A166 /* LoginTableViewController.swift */,
				CC79E5AF2455CE8300C8A166 /* SplashViewController.swift */,
			);
			path = LoginView;
			sourceTree = "<group>";
		};
		CC8A1044245E0844007856BF /* Contract */ = {
			isa = PBXGroup;
			children = (
				CC8A1045245E087C007856BF /* fillCollectionView.swift */,
			);
			path = Contract;
			sourceTree = "<group>";
		};
		CCABFAED246B4AFA00CF7518 /* Date */ = {
			isa = PBXGroup;
			children = (
				CCABFAEE246B4B1900CF7518 /* DateStruct.swift */,
			);
			path = Date;
			sourceTree = "<group>";
		};
		CCCDA04C246AD107005549EA /* SettingView */ = {
			isa = PBXGroup;
			children = (
				CCCDA04D246AD130005549EA /* SettingTableViewController.swift */,
				CCCDA04F246AE5D5005549EA /* PassWordDetailsTableViewController.swift */,
			);
			path = SettingView;
			sourceTree = "<group>";
		};
		CCDEF4722462DE6C00ECBBEB /* Request Status */ = {
			isa = PBXGroup;
			children = (
				CCDEF4732462DE9200ECBBEB /* RequestStatusTableViewController.swift */,
				CC5DFD052468C01D003B9F18 /* RequstDetailsTableViewController.swift */,
				CC5DFD0B2468C22F003B9F18 /* PopUpTableViewController.swift */,
				CC5DFD0D2468C242003B9F18 /* PopUpCollectionViewCell.swift */,
				CCCDA051246AF81F005549EA /* RequestsTableViewController.swift */,
			);
			path = "Request Status";
			sourceTree = "<group>";
		};
		CCE4D2B32457066800EB8ADC /* ProfileView */ = {
			isa = PBXGroup;
			children = (
				CCE4D2B42457069100EB8ADC /* ProfileTableViewController.swift */,
				CCE4D2BE24572EA600EB8ADC /* EditProfileTableViewController.swift */,
				CCD0BAD6246A035C007CF3EE /* LocationTableViewController.swift */,
				CCCDA048246A95D9005549EA /* PopUpLocationViewController.swift */,
			);
			path = ProfileView;
			sourceTree = "<group>";
		};
/* End PBXGroup section */

/* Begin PBXNativeTarget section */
		4E22F8F8243E6E6C0090693C /* Checkup */ = {
			isa = PBXNativeTarget;
			buildConfigurationList = 4E22F926243E6E6D0090693C /* Build configuration list for PBXNativeTarget "Checkup" */;
			buildPhases = (
				47291DAE2FF2429E8A698E43 /* [CP] Check Pods Manifest.lock */,
				4E22F8F5243E6E6C0090693C /* Sources */,
				4E22F8F6243E6E6C0090693C /* Frameworks */,
				4E22F8F7243E6E6C0090693C /* Resources */,
				8AE194363E5A627100B10150 /* [CP] Embed Pods Frameworks */,
			);
			buildRules = (
			);
			dependencies = (
			);
			name = Checkup;
			productName = Checkup;
			productReference = 4E22F8F9243E6E6C0090693C /* Checkup.app */;
			productType = "com.apple.product-type.application";
		};
		4E22F911243E6E6D0090693C /* CheckupTests */ = {
			isa = PBXNativeTarget;
			buildConfigurationList = 4E22F929243E6E6D0090693C /* Build configuration list for PBXNativeTarget "CheckupTests" */;
			buildPhases = (
				4E22F90E243E6E6D0090693C /* Sources */,
				4E22F90F243E6E6D0090693C /* Frameworks */,
				4E22F910243E6E6D0090693C /* Resources */,
			);
			buildRules = (
			);
			dependencies = (
				4E22F914243E6E6D0090693C /* PBXTargetDependency */,
			);
			name = CheckupTests;
			productName = CheckupTests;
			productReference = 4E22F912243E6E6D0090693C /* CheckupTests.xctest */;
			productType = "com.apple.product-type.bundle.unit-test";
		};
		4E22F91C243E6E6D0090693C /* CheckupUITests */ = {
			isa = PBXNativeTarget;
			buildConfigurationList = 4E22F92C243E6E6D0090693C /* Build configuration list for PBXNativeTarget "CheckupUITests" */;
			buildPhases = (
				4E22F919243E6E6D0090693C /* Sources */,
				4E22F91A243E6E6D0090693C /* Frameworks */,
				4E22F91B243E6E6D0090693C /* Resources */,
			);
			buildRules = (
			);
			dependencies = (
				4E22F91F243E6E6D0090693C /* PBXTargetDependency */,
			);
			name = CheckupUITests;
			productName = CheckupUITests;
			productReference = 4E22F91D243E6E6D0090693C /* CheckupUITests.xctest */;
			productType = "com.apple.product-type.bundle.ui-testing";
		};
/* End PBXNativeTarget section */

/* Begin PBXProject section */
		4E22F8F1243E6E6B0090693C /* Project object */ = {
			isa = PBXProject;
			attributes = {
				LastSwiftUpdateCheck = 1120;
				LastUpgradeCheck = 1120;
				ORGANIZATIONNAME = "Hassan Khamis";
				TargetAttributes = {
					4E22F8F8243E6E6C0090693C = {
						CreatedOnToolsVersion = 11.2;
					};
					4E22F911243E6E6D0090693C = {
						CreatedOnToolsVersion = 11.2;
						TestTargetID = 4E22F8F8243E6E6C0090693C;
					};
					4E22F91C243E6E6D0090693C = {
						CreatedOnToolsVersion = 11.2;
						TestTargetID = 4E22F8F8243E6E6C0090693C;
					};
				};
			};
			buildConfigurationList = 4E22F8F4243E6E6B0090693C /* Build configuration list for PBXProject "Checkup" */;
			compatibilityVersion = "Xcode 9.3";
			developmentRegion = en;
			hasScannedForEncodings = 0;
			knownRegions = (
				en,
				Base,
			);
			mainGroup = 4E22F8F0243E6E6B0090693C;
			productRefGroup = 4E22F8FA243E6E6C0090693C /* Products */;
			projectDirPath = "";
			projectRoot = "";
			targets = (
				4E22F8F8243E6E6C0090693C /* Checkup */,
				4E22F911243E6E6D0090693C /* CheckupTests */,
				4E22F91C243E6E6D0090693C /* CheckupUITests */,
			);
		};
/* End PBXProject section */

/* Begin PBXResourcesBuildPhase section */
		4E22F8F7243E6E6C0090693C /* Resources */ = {
			isa = PBXResourcesBuildPhase;
			buildActionMask = 2147483647;
			files = (
				4EE7EA2B246AD3B900BF434F /* SenderImageTableViewCell.xib in Resources */,
				4EDADECA246A1FF20069B0E5 /* RecievedImageTableViewCell.xib in Resources */,
				4E22F90C243E6E6D0090693C /* LaunchScreen.storyboard in Resources */,
				4EE9F931246971E400BB4A39 /* Chat.storyboard in Resources */,
				CCDEF4712462DCF500ECBBEB /* RequestTStatus.storyboard in Resources */,
				4E22F909243E6E6D0090693C /* Assets.xcassets in Resources */,
				4EE5696E2453058200688B65 /* Login.storyboard in Resources */,
				4EE7EA30246AF2B800BF434F /* DateTableViewCell.xib in Resources */,
				CC064E2D245B02D60046E67F /* NewRequestScreen.storyboard in Resources */,
				CCE4D2B22457064600EB8ADC /* Profile.storyboard in Resources */,
				CC7092D92458C131003E8968 /* signUp.storyboard in Resources */,
				4EAA2AD8246CABC70050B0AB /* GoogleService-Info.plist in Resources */,
				4EE9F9462469A47F00BB4A39 /* RecieverCellTableViewCell.xib in Resources */,
				CCCDA04B246ACA70005549EA /* Setting.storyboard in Resources */,
				4EE9F94124699E3200BB4A39 /* SenderCellTableViewCell.xib in Resources */,
				4E432F152464F6EF00D1CACA /* pdf.pdf in Resources */,
				4E22F904243E6E6C0090693C /* Main.storyboard in Resources */,
				4E432F092464F6E100D1CACA /* History.storyboard in Resources */,
				4EBBC93D246B47F200C7978D /* MainChatTableViewCell.xib in Resources */,
			);
			runOnlyForDeploymentPostprocessing = 0;
		};
		4E22F910243E6E6D0090693C /* Resources */ = {
			isa = PBXResourcesBuildPhase;
			buildActionMask = 2147483647;
			files = (
			);
			runOnlyForDeploymentPostprocessing = 0;
		};
		4E22F91B243E6E6D0090693C /* Resources */ = {
			isa = PBXResourcesBuildPhase;
			buildActionMask = 2147483647;
			files = (
			);
			runOnlyForDeploymentPostprocessing = 0;
		};
/* End PBXResourcesBuildPhase section */

/* Begin PBXShellScriptBuildPhase section */
		47291DAE2FF2429E8A698E43 /* [CP] Check Pods Manifest.lock */ = {
			isa = PBXShellScriptBuildPhase;
			buildActionMask = 2147483647;
			files = (
			);
			inputFileListPaths = (
			);
			inputPaths = (
				"${PODS_PODFILE_DIR_PATH}/Podfile.lock",
				"${PODS_ROOT}/Manifest.lock",
			);
			name = "[CP] Check Pods Manifest.lock";
			outputFileListPaths = (
			);
			outputPaths = (
				"$(DERIVED_FILE_DIR)/Pods-Checkup-checkManifestLockResult.txt",
			);
			runOnlyForDeploymentPostprocessing = 0;
			shellPath = /bin/sh;
			shellScript = "diff \"${PODS_PODFILE_DIR_PATH}/Podfile.lock\" \"${PODS_ROOT}/Manifest.lock\" > /dev/null\nif [ $? != 0 ] ; then\n    # print error to STDERR\n    echo \"error: The sandbox is not in sync with the Podfile.lock. Run 'pod install' or update your CocoaPods installation.\" >&2\n    exit 1\nfi\n# This output is used by Xcode 'outputs' to avoid re-running this script phase.\necho \"SUCCESS\" > \"${SCRIPT_OUTPUT_FILE_0}\"\n";
			showEnvVarsInLog = 0;
		};
		8AE194363E5A627100B10150 /* [CP] Embed Pods Frameworks */ = {
			isa = PBXShellScriptBuildPhase;
			buildActionMask = 2147483647;
			files = (
			);
			inputFileListPaths = (
				"${PODS_ROOT}/Target Support Files/Pods-Checkup/Pods-Checkup-frameworks-${CONFIGURATION}-input-files.xcfilelist",
			);
			name = "[CP] Embed Pods Frameworks";
			outputFileListPaths = (
				"${PODS_ROOT}/Target Support Files/Pods-Checkup/Pods-Checkup-frameworks-${CONFIGURATION}-output-files.xcfilelist",
			);
			runOnlyForDeploymentPostprocessing = 0;
			shellPath = /bin/sh;
			shellScript = "\"${PODS_ROOT}/Target Support Files/Pods-Checkup/Pods-Checkup-frameworks.sh\"\n";
			showEnvVarsInLog = 0;
		};
/* End PBXShellScriptBuildPhase section */

/* Begin PBXSourcesBuildPhase section */
		4E22F8F5243E6E6C0090693C /* Sources */ = {
			isa = PBXSourcesBuildPhase;
			buildActionMask = 2147483647;
			files = (
				4E22F8FD243E6E6C0090693C /* AppDelegate.swift in Sources */,
				4EE9F93B24699BC800BB4A39 /* MessagingTableView.swift in Sources */,
				4EBBC93C246B47F200C7978D /* MainChatTableViewCell.swift in Sources */,
				CC5DFD0E2468C242003B9F18 /* PopUpCollectionViewCell.swift in Sources */,
				4E22F8FF243E6E6C0090693C /* SceneDelegate.swift in Sources */,
				4EE7EA34246B023000BF434F /* KeyboardLayoutConstraint.swift in Sources */,
				CCCDA045246A94F5005549EA /* ReqLocationTableViewController.swift in Sources */,
				4E22F936243E743C0090693C /* SignupViewController.swift in Sources */,
				4EE569732453070C00688B65 /* MainViewController.swift in Sources */,
				4E432F142464F6EF00D1CACA /* HistoryTableViewController.swift in Sources */,
				4E432F162464F6EF00D1CACA /* PdfResultViewController.swift in Sources */,
				CCCDA052246AF81F005549EA /* RequestsTableViewController.swift in Sources */,
				4EE9F93424697CF300BB4A39 /* MessagingChatViewController.swift in Sources */,
				4E0E3505246BB88400814696 /* MessageNotificationLabel.swift in Sources */,
				CC5DFD062468C01D003B9F18 /* RequstDetailsTableViewController.swift in Sources */,
				CC8A1043245DC450007856BF /* TestNamingGroupViewController.swift in Sources */,
				4E22F907243E6E6C0090693C /* Checkup.xcdatamodeld in Sources */,
				4EBBC940246B595000C7978D /* MainChatViewController.swift in Sources */,
				4EE7EA2A246AD3B900BF434F /* SenderImageTableViewCell.swift in Sources */,
				4EE9F94024699E3200BB4A39 /* SenderCellTableViewCell.swift in Sources */,
				CCCDA04E246AD130005549EA /* SettingTableViewController.swift in Sources */,
				4EE9F9452469A47F00BB4A39 /* RecieverCellTableViewCell.swift in Sources */,
				CCE4D2BF24572EA600EB8ADC /* EditProfileTableViewController.swift in Sources */,
				CCCDA049246A95D9005549EA /* PopUpLocationViewController.swift in Sources */,
				CCCB1D5D24563FED00303C22 /* ImagePicker.swift in Sources */,
				4EDADEC9246A1FF20069B0E5 /* RecievedImageTableViewCell.swift in Sources */,
				CCD0BAD7246A035C007CF3EE /* LocationTableViewController.swift in Sources */,
				CC2A2D82245C4DAB00C311B7 /* SignupTableViewController.swift in Sources */,
				4EE7EA2F246AF2B800BF434F /* DateTableViewCell.swift in Sources */,
				CCE4D2B52457069100EB8ADC /* ProfileTableViewController.swift in Sources */,
				4EE9F9492469B70A00BB4A39 /* MessageLabel.swift in Sources */,
				03F8346F2468990B000155A4 /* FilterTableViewController.swift in Sources */,
				CCCDA050246AE5D5005549EA /* PassWordDetailsTableViewController.swift in Sources */,
				CC8A1046245E087C007856BF /* fillCollectionView.swift in Sources */,
				CC79E5B02455CE8300C8A166 /* SplashViewController.swift in Sources */,
				CC064E30245B03360046E67F /* newRequestTableViewController.swift in Sources */,
				4EBBC943246B5ABF00C7978D /* PearedTableView.swift in Sources */,
				4E432F132464F6EF00D1CACA /* HistoryTableViewCell.swift in Sources */,
				4EBBC946246B5D3900C7978D /* PearedUserData.swift in Sources */,
				CC064E32245B05FA0046E67F /* SliderCell.swift in Sources */,
				0358339E246953FD008DD8C2 /* UIButtonExtension.swift in Sources */,
				CCCDA047246A95B5005549EA /* ReqPopUpLocationViewController.swift in Sources */,
				CCDEF4742462DE9200ECBBEB /* RequestStatusTableViewController.swift in Sources */,
				03F834712468D8D9000155A4 /* RadioButton.swift in Sources */,
				CCABFAEF246B4B1900CF7518 /* DateStruct.swift in Sources */,
				4E0E3502246BA11B00814696 /* ConvertTimeStampToDate.swift in Sources */,
				CC79E5AC2455B46A00C8A166 /* LoginTableViewController.swift in Sources */,
				CC5DFD0C2468C22F003B9F18 /* PopUpTableViewController.swift in Sources */,
			);
			runOnlyForDeploymentPostprocessing = 0;
		};
		4E22F90E243E6E6D0090693C /* Sources */ = {
			isa = PBXSourcesBuildPhase;
			buildActionMask = 2147483647;
			files = (
				4E22F917243E6E6D0090693C /* CheckupTests.swift in Sources */,
			);
			runOnlyForDeploymentPostprocessing = 0;
		};
		4E22F919243E6E6D0090693C /* Sources */ = {
			isa = PBXSourcesBuildPhase;
			buildActionMask = 2147483647;
			files = (
				4E22F922243E6E6D0090693C /* CheckupUITests.swift in Sources */,
			);
			runOnlyForDeploymentPostprocessing = 0;
		};
/* End PBXSourcesBuildPhase section */

/* Begin PBXTargetDependency section */
		4E22F914243E6E6D0090693C /* PBXTargetDependency */ = {
			isa = PBXTargetDependency;
			target = 4E22F8F8243E6E6C0090693C /* Checkup */;
			targetProxy = 4E22F913243E6E6D0090693C /* PBXContainerItemProxy */;
		};
		4E22F91F243E6E6D0090693C /* PBXTargetDependency */ = {
			isa = PBXTargetDependency;
			target = 4E22F8F8243E6E6C0090693C /* Checkup */;
			targetProxy = 4E22F91E243E6E6D0090693C /* PBXContainerItemProxy */;
		};
/* End PBXTargetDependency section */

/* Begin PBXVariantGroup section */
		4E22F902243E6E6C0090693C /* Main.storyboard */ = {
			isa = PBXVariantGroup;
			children = (
				4E22F903243E6E6C0090693C /* Base */,
			);
			name = Main.storyboard;
			sourceTree = "<group>";
		};
		4E22F90A243E6E6D0090693C /* LaunchScreen.storyboard */ = {
			isa = PBXVariantGroup;
			children = (
				4E22F90B243E6E6D0090693C /* Base */,
			);
			name = LaunchScreen.storyboard;
			sourceTree = "<group>";
		};
/* End PBXVariantGroup section */

/* Begin XCBuildConfiguration section */
		4E22F924243E6E6D0090693C /* Debug */ = {
			isa = XCBuildConfiguration;
			buildSettings = {
				ALWAYS_SEARCH_USER_PATHS = NO;
				CLANG_ANALYZER_NONNULL = YES;
				CLANG_ANALYZER_NUMBER_OBJECT_CONVERSION = YES_AGGRESSIVE;
				CLANG_CXX_LANGUAGE_STANDARD = "gnu++14";
				CLANG_CXX_LIBRARY = "libc++";
				CLANG_ENABLE_MODULES = YES;
				CLANG_ENABLE_OBJC_ARC = YES;
				CLANG_ENABLE_OBJC_WEAK = YES;
				CLANG_WARN_BLOCK_CAPTURE_AUTORELEASING = YES;
				CLANG_WARN_BOOL_CONVERSION = YES;
				CLANG_WARN_COMMA = YES;
				CLANG_WARN_CONSTANT_CONVERSION = YES;
				CLANG_WARN_DEPRECATED_OBJC_IMPLEMENTATIONS = YES;
				CLANG_WARN_DIRECT_OBJC_ISA_USAGE = YES_ERROR;
				CLANG_WARN_DOCUMENTATION_COMMENTS = YES;
				CLANG_WARN_EMPTY_BODY = YES;
				CLANG_WARN_ENUM_CONVERSION = YES;
				CLANG_WARN_INFINITE_RECURSION = YES;
				CLANG_WARN_INT_CONVERSION = YES;
				CLANG_WARN_NON_LITERAL_NULL_CONVERSION = YES;
				CLANG_WARN_OBJC_IMPLICIT_RETAIN_SELF = YES;
				CLANG_WARN_OBJC_LITERAL_CONVERSION = YES;
				CLANG_WARN_OBJC_ROOT_CLASS = YES_ERROR;
				CLANG_WARN_RANGE_LOOP_ANALYSIS = YES;
				CLANG_WARN_STRICT_PROTOTYPES = YES;
				CLANG_WARN_SUSPICIOUS_MOVE = YES;
				CLANG_WARN_UNGUARDED_AVAILABILITY = YES_AGGRESSIVE;
				CLANG_WARN_UNREACHABLE_CODE = YES;
				CLANG_WARN__DUPLICATE_METHOD_MATCH = YES;
				COPY_PHASE_STRIP = NO;
				DEBUG_INFORMATION_FORMAT = dwarf;
				ENABLE_STRICT_OBJC_MSGSEND = YES;
				ENABLE_TESTABILITY = YES;
				GCC_C_LANGUAGE_STANDARD = gnu11;
				GCC_DYNAMIC_NO_PIC = NO;
				GCC_NO_COMMON_BLOCKS = YES;
				GCC_OPTIMIZATION_LEVEL = 0;
				GCC_PREPROCESSOR_DEFINITIONS = (
					"DEBUG=1",
					"$(inherited)",
				);
				GCC_WARN_64_TO_32_BIT_CONVERSION = YES;
				GCC_WARN_ABOUT_RETURN_TYPE = YES_ERROR;
				GCC_WARN_UNDECLARED_SELECTOR = YES;
				GCC_WARN_UNINITIALIZED_AUTOS = YES_AGGRESSIVE;
				GCC_WARN_UNUSED_FUNCTION = YES;
				GCC_WARN_UNUSED_VARIABLE = YES;
				IPHONEOS_DEPLOYMENT_TARGET = 13.2;
				MTL_ENABLE_DEBUG_INFO = INCLUDE_SOURCE;
				MTL_FAST_MATH = YES;
				ONLY_ACTIVE_ARCH = YES;
				SDKROOT = iphoneos;
				SWIFT_ACTIVE_COMPILATION_CONDITIONS = DEBUG;
				SWIFT_OPTIMIZATION_LEVEL = "-Onone";
			};
			name = Debug;
		};
		4E22F925243E6E6D0090693C /* Release */ = {
			isa = XCBuildConfiguration;
			buildSettings = {
				ALWAYS_SEARCH_USER_PATHS = NO;
				CLANG_ANALYZER_NONNULL = YES;
				CLANG_ANALYZER_NUMBER_OBJECT_CONVERSION = YES_AGGRESSIVE;
				CLANG_CXX_LANGUAGE_STANDARD = "gnu++14";
				CLANG_CXX_LIBRARY = "libc++";
				CLANG_ENABLE_MODULES = YES;
				CLANG_ENABLE_OBJC_ARC = YES;
				CLANG_ENABLE_OBJC_WEAK = YES;
				CLANG_WARN_BLOCK_CAPTURE_AUTORELEASING = YES;
				CLANG_WARN_BOOL_CONVERSION = YES;
				CLANG_WARN_COMMA = YES;
				CLANG_WARN_CONSTANT_CONVERSION = YES;
				CLANG_WARN_DEPRECATED_OBJC_IMPLEMENTATIONS = YES;
				CLANG_WARN_DIRECT_OBJC_ISA_USAGE = YES_ERROR;
				CLANG_WARN_DOCUMENTATION_COMMENTS = YES;
				CLANG_WARN_EMPTY_BODY = YES;
				CLANG_WARN_ENUM_CONVERSION = YES;
				CLANG_WARN_INFINITE_RECURSION = YES;
				CLANG_WARN_INT_CONVERSION = YES;
				CLANG_WARN_NON_LITERAL_NULL_CONVERSION = YES;
				CLANG_WARN_OBJC_IMPLICIT_RETAIN_SELF = YES;
				CLANG_WARN_OBJC_LITERAL_CONVERSION = YES;
				CLANG_WARN_OBJC_ROOT_CLASS = YES_ERROR;
				CLANG_WARN_RANGE_LOOP_ANALYSIS = YES;
				CLANG_WARN_STRICT_PROTOTYPES = YES;
				CLANG_WARN_SUSPICIOUS_MOVE = YES;
				CLANG_WARN_UNGUARDED_AVAILABILITY = YES_AGGRESSIVE;
				CLANG_WARN_UNREACHABLE_CODE = YES;
				CLANG_WARN__DUPLICATE_METHOD_MATCH = YES;
				COPY_PHASE_STRIP = NO;
				DEBUG_INFORMATION_FORMAT = "dwarf-with-dsym";
				ENABLE_NS_ASSERTIONS = NO;
				ENABLE_STRICT_OBJC_MSGSEND = YES;
				GCC_C_LANGUAGE_STANDARD = gnu11;
				GCC_NO_COMMON_BLOCKS = YES;
				GCC_WARN_64_TO_32_BIT_CONVERSION = YES;
				GCC_WARN_ABOUT_RETURN_TYPE = YES_ERROR;
				GCC_WARN_UNDECLARED_SELECTOR = YES;
				GCC_WARN_UNINITIALIZED_AUTOS = YES_AGGRESSIVE;
				GCC_WARN_UNUSED_FUNCTION = YES;
				GCC_WARN_UNUSED_VARIABLE = YES;
				IPHONEOS_DEPLOYMENT_TARGET = 13.2;
				MTL_ENABLE_DEBUG_INFO = NO;
				MTL_FAST_MATH = YES;
				SDKROOT = iphoneos;
				SWIFT_COMPILATION_MODE = wholemodule;
				SWIFT_OPTIMIZATION_LEVEL = "-O";
				VALIDATE_PRODUCT = YES;
			};
			name = Release;
		};
		4E22F927243E6E6D0090693C /* Debug */ = {
			isa = XCBuildConfiguration;
			baseConfigurationReference = DD8207D23F35EF388509225D /* Pods-Checkup.debug.xcconfig */;
			buildSettings = {
				ASSETCATALOG_COMPILER_APPICON_NAME = AppIcon;
				CODE_SIGN_STYLE = Automatic;
				DEVELOPMENT_TEAM = TRNKZ229R6;
				INFOPLIST_FILE = Checkup/Info.plist;
				IPHONEOS_DEPLOYMENT_TARGET = 12.4;
				LD_RUNPATH_SEARCH_PATHS = (
					"$(inherited)",
					"@executable_path/Frameworks",
				);
				PRODUCT_BUNDLE_IDENTIFIER = HK.Checkup;
				PRODUCT_NAME = "$(TARGET_NAME)";
				SWIFT_VERSION = 5.0;
				TARGETED_DEVICE_FAMILY = "1,2";
			};
			name = Debug;
		};
		4E22F928243E6E6D0090693C /* Release */ = {
			isa = XCBuildConfiguration;
			baseConfigurationReference = DBCCD7FDD5A7B2E6D89A74DD /* Pods-Checkup.release.xcconfig */;
			buildSettings = {
				ASSETCATALOG_COMPILER_APPICON_NAME = AppIcon;
				CODE_SIGN_STYLE = Automatic;
				DEVELOPMENT_TEAM = TRNKZ229R6;
				INFOPLIST_FILE = Checkup/Info.plist;
				IPHONEOS_DEPLOYMENT_TARGET = 12.4;
				LD_RUNPATH_SEARCH_PATHS = (
					"$(inherited)",
					"@executable_path/Frameworks",
				);
				PRODUCT_BUNDLE_IDENTIFIER = HK.Checkup;
				PRODUCT_NAME = "$(TARGET_NAME)";
				SWIFT_VERSION = 5.0;
				TARGETED_DEVICE_FAMILY = "1,2";
			};
			name = Release;
		};
		4E22F92A243E6E6D0090693C /* Debug */ = {
			isa = XCBuildConfiguration;
			buildSettings = {
				ALWAYS_EMBED_SWIFT_STANDARD_LIBRARIES = YES;
				BUNDLE_LOADER = "$(TEST_HOST)";
				CODE_SIGN_STYLE = Automatic;
				INFOPLIST_FILE = CheckupTests/Info.plist;
				IPHONEOS_DEPLOYMENT_TARGET = 13.2;
				LD_RUNPATH_SEARCH_PATHS = (
					"$(inherited)",
					"@executable_path/Frameworks",
					"@loader_path/Frameworks",
				);
				PRODUCT_BUNDLE_IDENTIFIER = HK.CheckupTests;
				PRODUCT_NAME = "$(TARGET_NAME)";
				SWIFT_VERSION = 5.0;
				TARGETED_DEVICE_FAMILY = "1,2";
				TEST_HOST = "$(BUILT_PRODUCTS_DIR)/Checkup.app/Checkup";
			};
			name = Debug;
		};
		4E22F92B243E6E6D0090693C /* Release */ = {
			isa = XCBuildConfiguration;
			buildSettings = {
				ALWAYS_EMBED_SWIFT_STANDARD_LIBRARIES = YES;
				BUNDLE_LOADER = "$(TEST_HOST)";
				CODE_SIGN_STYLE = Automatic;
				INFOPLIST_FILE = CheckupTests/Info.plist;
				IPHONEOS_DEPLOYMENT_TARGET = 13.2;
				LD_RUNPATH_SEARCH_PATHS = (
					"$(inherited)",
					"@executable_path/Frameworks",
					"@loader_path/Frameworks",
				);
				PRODUCT_BUNDLE_IDENTIFIER = HK.CheckupTests;
				PRODUCT_NAME = "$(TARGET_NAME)";
				SWIFT_VERSION = 5.0;
				TARGETED_DEVICE_FAMILY = "1,2";
				TEST_HOST = "$(BUILT_PRODUCTS_DIR)/Checkup.app/Checkup";
			};
			name = Release;
		};
		4E22F92D243E6E6D0090693C /* Debug */ = {
			isa = XCBuildConfiguration;
			buildSettings = {
				ALWAYS_EMBED_SWIFT_STANDARD_LIBRARIES = YES;
				CODE_SIGN_STYLE = Automatic;
				INFOPLIST_FILE = CheckupUITests/Info.plist;
				LD_RUNPATH_SEARCH_PATHS = (
					"$(inherited)",
					"@executable_path/Frameworks",
					"@loader_path/Frameworks",
				);
				PRODUCT_BUNDLE_IDENTIFIER = HK.CheckupUITests;
				PRODUCT_NAME = "$(TARGET_NAME)";
				SWIFT_VERSION = 5.0;
				TARGETED_DEVICE_FAMILY = "1,2";
				TEST_TARGET_NAME = Checkup;
			};
			name = Debug;
		};
		4E22F92E243E6E6D0090693C /* Release */ = {
			isa = XCBuildConfiguration;
			buildSettings = {
				ALWAYS_EMBED_SWIFT_STANDARD_LIBRARIES = YES;
				CODE_SIGN_STYLE = Automatic;
				INFOPLIST_FILE = CheckupUITests/Info.plist;
				LD_RUNPATH_SEARCH_PATHS = (
					"$(inherited)",
					"@executable_path/Frameworks",
					"@loader_path/Frameworks",
				);
				PRODUCT_BUNDLE_IDENTIFIER = HK.CheckupUITests;
				PRODUCT_NAME = "$(TARGET_NAME)";
				SWIFT_VERSION = 5.0;
				TARGETED_DEVICE_FAMILY = "1,2";
				TEST_TARGET_NAME = Checkup;
			};
			name = Release;
		};
/* End XCBuildConfiguration section */

/* Begin XCConfigurationList section */
		4E22F8F4243E6E6B0090693C /* Build configuration list for PBXProject "Checkup" */ = {
			isa = XCConfigurationList;
			buildConfigurations = (
				4E22F924243E6E6D0090693C /* Debug */,
				4E22F925243E6E6D0090693C /* Release */,
			);
			defaultConfigurationIsVisible = 0;
			defaultConfigurationName = Release;
		};
		4E22F926243E6E6D0090693C /* Build configuration list for PBXNativeTarget "Checkup" */ = {
			isa = XCConfigurationList;
			buildConfigurations = (
				4E22F927243E6E6D0090693C /* Debug */,
				4E22F928243E6E6D0090693C /* Release */,
			);
			defaultConfigurationIsVisible = 0;
			defaultConfigurationName = Release;
		};
		4E22F929243E6E6D0090693C /* Build configuration list for PBXNativeTarget "CheckupTests" */ = {
			isa = XCConfigurationList;
			buildConfigurations = (
				4E22F92A243E6E6D0090693C /* Debug */,
				4E22F92B243E6E6D0090693C /* Release */,
			);
			defaultConfigurationIsVisible = 0;
			defaultConfigurationName = Release;
		};
		4E22F92C243E6E6D0090693C /* Build configuration list for PBXNativeTarget "CheckupUITests" */ = {
			isa = XCConfigurationList;
			buildConfigurations = (
				4E22F92D243E6E6D0090693C /* Debug */,
				4E22F92E243E6E6D0090693C /* Release */,
			);
			defaultConfigurationIsVisible = 0;
			defaultConfigurationName = Release;
		};
/* End XCConfigurationList section */

/* Begin XCVersionGroup section */
		4E22F905243E6E6C0090693C /* Checkup.xcdatamodeld */ = {
			isa = XCVersionGroup;
			children = (
				4E22F906243E6E6C0090693C /* Checkup.xcdatamodel */,
			);
			currentVersion = 4E22F906243E6E6C0090693C /* Checkup.xcdatamodel */;
			path = Checkup.xcdatamodeld;
			sourceTree = "<group>";
			versionGroupType = wrapper.xcdatamodel;
		};
/* End XCVersionGroup section */
	};
	rootObject = 4E22F8F1243E6E6B0090693C /* Project object */;
}
